// !$*UTF8*$!
{
	archiveVersion = 1;
	classes = {
	};
	objectVersion = 46;
	objects = {

/* Begin PBXBuildFile section */
		B9DE8D281EFFC05000FF2F14 /* main.m in Sources */ = {isa = PBXBuildFile; fileRef = B9DE8D271EFFC05000FF2F14 /* main.m */; };
		B9DE8D331EFFC05000FF2F14 /* Assets.xcassets in Resources */ = {isa = PBXBuildFile; fileRef = B9DE8D321EFFC05000FF2F14 /* Assets.xcassets */; };
		B9DE8D411EFFC05000FF2F14 /* BSBDJProjectUITests.m in Sources */ = {isa = PBXBuildFile; fileRef = B9DE8D401EFFC05000FF2F14 /* BSBDJProjectUITests.m */; };
		B9DE8D631EFFD59100FF2F14 /* AppDelegate.m in Sources */ = {isa = PBXBuildFile; fileRef = B9DE8D5E1EFFD59100FF2F14 /* AppDelegate.m */; };
		B9DE8D661EFFD5C100FF2F14 /* BDJEssenceViewController.m in Sources */ = {isa = PBXBuildFile; fileRef = B9DE8D651EFFD5C100FF2F14 /* BDJEssenceViewController.m */; };
		B9DE8D691EFFD5D500FF2F14 /* BDJFriendTrendViewController.m in Sources */ = {isa = PBXBuildFile; fileRef = B9DE8D681EFFD5D500FF2F14 /* BDJFriendTrendViewController.m */; };
		B9DE8D6C1EFFD5F900FF2F14 /* BDJMineViewController.m in Sources */ = {isa = PBXBuildFile; fileRef = B9DE8D6B1EFFD5F900FF2F14 /* BDJMineViewController.m */; };
		B9DE8D6F1EFFD60A00FF2F14 /* BDJNewViewController.m in Sources */ = {isa = PBXBuildFile; fileRef = B9DE8D6E1EFFD60A00FF2F14 /* BDJNewViewController.m */; };
		B9DE8D721EFFD61E00FF2F14 /* BDJPublishViewController.m in Sources */ = {isa = PBXBuildFile; fileRef = B9DE8D711EFFD61E00FF2F14 /* BDJPublishViewController.m */; };
		B9DE8D791EFFDEA400FF2F14 /* BDJTabBarController.m in Sources */ = {isa = PBXBuildFile; fileRef = B9DE8D781EFFDEA400FF2F14 /* BDJTabBarController.m */; };
		B9DE8D7D1EFFE34400FF2F14 /* UIImage+Render.m in Sources */ = {isa = PBXBuildFile; fileRef = B9DE8D7C1EFFE34400FF2F14 /* UIImage+Render.m */; };
/* End PBXBuildFile section */

/* Begin PBXContainerItemProxy section */
		B9DE8D3D1EFFC05000FF2F14 /* PBXContainerItemProxy */ = {
			isa = PBXContainerItemProxy;
			containerPortal = B9DE8D1B1EFFC04F00FF2F14 /* Project object */;
			proxyType = 1;
			remoteGlobalIDString = B9DE8D221EFFC04F00FF2F14;
			remoteInfo = BSBDJProject;
		};
/* End PBXContainerItemProxy section */

/* Begin PBXFileReference section */
		B9DE8D231EFFC05000FF2F14 /* BSBDJProject.app */ = {isa = PBXFileReference; explicitFileType = wrapper.application; includeInIndex = 0; path = BSBDJProject.app; sourceTree = BUILT_PRODUCTS_DIR; };
		B9DE8D271EFFC05000FF2F14 /* main.m */ = {isa = PBXFileReference; lastKnownFileType = sourcecode.c.objc; path = main.m; sourceTree = "<group>"; };
		B9DE8D321EFFC05000FF2F14 /* Assets.xcassets */ = {isa = PBXFileReference; lastKnownFileType = folder.assetcatalog; path = Assets.xcassets; sourceTree = "<group>"; };
		B9DE8D371EFFC05000FF2F14 /* Info.plist */ = {isa = PBXFileReference; lastKnownFileType = text.plist.xml; path = Info.plist; sourceTree = "<group>"; };
		B9DE8D3C1EFFC05000FF2F14 /* BSBDJProjectUITests.xctest */ = {isa = PBXFileReference; explicitFileType = wrapper.cfbundle; includeInIndex = 0; path = BSBDJProjectUITests.xctest; sourceTree = BUILT_PRODUCTS_DIR; };
		B9DE8D401EFFC05000FF2F14 /* BSBDJProjectUITests.m */ = {isa = PBXFileReference; lastKnownFileType = sourcecode.c.objc; path = BSBDJProjectUITests.m; sourceTree = "<group>"; };
		B9DE8D421EFFC05000FF2F14 /* Info.plist */ = {isa = PBXFileReference; lastKnownFileType = text.plist.xml; path = Info.plist; sourceTree = "<group>"; };
		B9DE8D5D1EFFD59000FF2F14 /* AppDelegate.h */ = {isa = PBXFileReference; fileEncoding = 4; lastKnownFileType = sourcecode.c.h; path = AppDelegate.h; sourceTree = "<group>"; };
		B9DE8D5E1EFFD59100FF2F14 /* AppDelegate.m */ = {isa = PBXFileReference; fileEncoding = 4; lastKnownFileType = sourcecode.c.objc; path = AppDelegate.m; sourceTree = "<group>"; };
		B9DE8D641EFFD5C100FF2F14 /* BDJEssenceViewController.h */ = {isa = PBXFileReference; fileEncoding = 4; lastKnownFileType = sourcecode.c.h; path = BDJEssenceViewController.h; sourceTree = "<group>"; };
		B9DE8D651EFFD5C100FF2F14 /* BDJEssenceViewController.m */ = {isa = PBXFileReference; fileEncoding = 4; lastKnownFileType = sourcecode.c.objc; path = BDJEssenceViewController.m; sourceTree = "<group>"; };
		B9DE8D671EFFD5D500FF2F14 /* BDJFriendTrendViewController.h */ = {isa = PBXFileReference; fileEncoding = 4; lastKnownFileType = sourcecode.c.h; path = BDJFriendTrendViewController.h; sourceTree = "<group>"; };
		B9DE8D681EFFD5D500FF2F14 /* BDJFriendTrendViewController.m */ = {isa = PBXFileReference; fileEncoding = 4; lastKnownFileType = sourcecode.c.objc; path = BDJFriendTrendViewController.m; sourceTree = "<group>"; };
		B9DE8D6A1EFFD5F900FF2F14 /* BDJMineViewController.h */ = {isa = PBXFileReference; fileEncoding = 4; lastKnownFileType = sourcecode.c.h; path = BDJMineViewController.h; sourceTree = "<group>"; };
		B9DE8D6B1EFFD5F900FF2F14 /* BDJMineViewController.m */ = {isa = PBXFileReference; fileEncoding = 4; lastKnownFileType = sourcecode.c.objc; path = BDJMineViewController.m; sourceTree = "<group>"; };
		B9DE8D6D1EFFD60A00FF2F14 /* BDJNewViewController.h */ = {isa = PBXFileReference; fileEncoding = 4; lastKnownFileType = sourcecode.c.h; path = BDJNewViewController.h; sourceTree = "<group>"; };
		B9DE8D6E1EFFD60A00FF2F14 /* BDJNewViewController.m */ = {isa = PBXFileReference; fileEncoding = 4; lastKnownFileType = sourcecode.c.objc; path = BDJNewViewController.m; sourceTree = "<group>"; };
		B9DE8D701EFFD61E00FF2F14 /* BDJPublishViewController.h */ = {isa = PBXFileReference; fileEncoding = 4; lastKnownFileType = sourcecode.c.h; path = BDJPublishViewController.h; sourceTree = "<group>"; };
		B9DE8D711EFFD61E00FF2F14 /* BDJPublishViewController.m */ = {isa = PBXFileReference; fileEncoding = 4; lastKnownFileType = sourcecode.c.objc; path = BDJPublishViewController.m; sourceTree = "<group>"; };
		B9DE8D771EFFDEA400FF2F14 /* BDJTabBarController.h */ = {isa = PBXFileReference; fileEncoding = 4; lastKnownFileType = sourcecode.c.h; path = BDJTabBarController.h; sourceTree = "<group>"; };
		B9DE8D781EFFDEA400FF2F14 /* BDJTabBarController.m */ = {isa = PBXFileReference; fileEncoding = 4; lastKnownFileType = sourcecode.c.objc; path = BDJTabBarController.m; sourceTree = "<group>"; };
		B9DE8D7B1EFFE34400FF2F14 /* UIImage+Render.h */ = {isa = PBXFileReference; fileEncoding = 4; lastKnownFileType = sourcecode.c.h; path = "UIImage+Render.h"; sourceTree = "<group>"; };
		B9DE8D7C1EFFE34400FF2F14 /* UIImage+Render.m */ = {isa = PBXFileReference; fileEncoding = 4; lastKnownFileType = sourcecode.c.objc; path = "UIImage+Render.m"; sourceTree = "<group>"; };
/* End PBXFileReference section */

/* Begin PBXFrameworksBuildPhase section */
		B9DE8D201EFFC04F00FF2F14 /* Frameworks */ = {
			isa = PBXFrameworksBuildPhase;
			buildActionMask = 2147483647;
			files = (
			);
			runOnlyForDeploymentPostprocessing = 0;
		};
		B9DE8D391EFFC05000FF2F14 /* Frameworks */ = {
			isa = PBXFrameworksBuildPhase;
			buildActionMask = 2147483647;
			files = (
			);
			runOnlyForDeploymentPostprocessing = 0;
		};
/* End PBXFrameworksBuildPhase section */

/* Begin PBXGroup section */
		B9DE8D1A1EFFC04F00FF2F14 = {
			isa = PBXGroup;
			children = (
				B9DE8D251EFFC05000FF2F14 /* BSBDJProject */,
				B9DE8D3F1EFFC05000FF2F14 /* BSBDJProjectUITests */,
				B9DE8D241EFFC05000FF2F14 /* Products */,
			);
			sourceTree = "<group>";
		};
		B9DE8D241EFFC05000FF2F14 /* Products */ = {
			isa = PBXGroup;
			children = (
				B9DE8D231EFFC05000FF2F14 /* BSBDJProject.app */,
				B9DE8D3C1EFFC05000FF2F14 /* BSBDJProjectUITests.xctest */,
			);
			name = Products;
			sourceTree = "<group>";
		};
		B9DE8D251EFFC05000FF2F14 /* BSBDJProject */ = {
			isa = PBXGroup;
			children = (
				B9DE8D4B1EFFD59000FF2F14 /* Classes */,
				B9DE8D321EFFC05000FF2F14 /* Assets.xcassets */,
				B9DE8D371EFFC05000FF2F14 /* Info.plist */,
				B9DE8D261EFFC05000FF2F14 /* Supporting Files */,
			);
			path = BSBDJProject;
			sourceTree = "<group>";
		};
		B9DE8D261EFFC05000FF2F14 /* Supporting Files */ = {
			isa = PBXGroup;
			children = (
				B9DE8D271EFFC05000FF2F14 /* main.m */,
			);
			name = "Supporting Files";
			sourceTree = "<group>";
		};
		B9DE8D3F1EFFC05000FF2F14 /* BSBDJProjectUITests */ = {
			isa = PBXGroup;
			children = (
				B9DE8D401EFFC05000FF2F14 /* BSBDJProjectUITests.m */,
				B9DE8D421EFFC05000FF2F14 /* Info.plist */,
			);
			path = BSBDJProjectUITests;
			sourceTree = "<group>";
		};
		B9DE8D4B1EFFD59000FF2F14 /* Classes */ = {
			isa = PBXGroup;
			children = (
				B9DE8D731EFFDE8800FF2F14 /* Main */,
				B9DE8D4C1EFFD59000FF2F14 /* Essence */,
				B9DE8D501EFFD59000FF2F14 /* FriendTrend */,
				B9DE8D541EFFD59000FF2F14 /* Mine */,
				B9DE8D581EFFD59000FF2F14 /* New */,
				B9DE8D5F1EFFD59100FF2F14 /* Publish */,
				B9DE8D5C1EFFD59000FF2F14 /* Other */,
			);
			path = Classes;
			sourceTree = "<group>";
		};
		B9DE8D4C1EFFD59000FF2F14 /* Essence */ = {
			isa = PBXGroup;
			children = (
				B9DE8D4D1EFFD59000FF2F14 /* Controller */,
				B9DE8D4E1EFFD59000FF2F14 /* Model */,
				B9DE8D4F1EFFD59000FF2F14 /* View */,
			);
			path = Essence;
			sourceTree = "<group>";
		};
		B9DE8D4D1EFFD59000FF2F14 /* Controller */ = {
			isa = PBXGroup;
			children = (
				B9DE8D641EFFD5C100FF2F14 /* BDJEssenceViewController.h */,
				B9DE8D651EFFD5C100FF2F14 /* BDJEssenceViewController.m */,
			);
			path = Controller;
			sourceTree = "<group>";
		};
		B9DE8D4E1EFFD59000FF2F14 /* Model */ = {
			isa = PBXGroup;
			children = (
			);
			path = Model;
			sourceTree = "<group>";
		};
		B9DE8D4F1EFFD59000FF2F14 /* View */ = {
			isa = PBXGroup;
			children = (
			);
			path = View;
			sourceTree = "<group>";
		};
		B9DE8D501EFFD59000FF2F14 /* FriendTrend */ = {
			isa = PBXGroup;
			children = (
				B9DE8D511EFFD59000FF2F14 /* Controller */,
				B9DE8D521EFFD59000FF2F14 /* Model */,
				B9DE8D531EFFD59000FF2F14 /* View */,
			);
			path = FriendTrend;
			sourceTree = "<group>";
		};
		B9DE8D511EFFD59000FF2F14 /* Controller */ = {
			isa = PBXGroup;
			children = (
				B9DE8D671EFFD5D500FF2F14 /* BDJFriendTrendViewController.h */,
				B9DE8D681EFFD5D500FF2F14 /* BDJFriendTrendViewController.m */,
			);
			path = Controller;
			sourceTree = "<group>";
		};
		B9DE8D521EFFD59000FF2F14 /* Model */ = {
			isa = PBXGroup;
			children = (
			);
			path = Model;
			sourceTree = "<group>";
		};
		B9DE8D531EFFD59000FF2F14 /* View */ = {
			isa = PBXGroup;
			children = (
			);
			path = View;
			sourceTree = "<group>";
		};
		B9DE8D541EFFD59000FF2F14 /* Mine */ = {
			isa = PBXGroup;
			children = (
				B9DE8D551EFFD59000FF2F14 /* Controller */,
				B9DE8D561EFFD59000FF2F14 /* Model */,
				B9DE8D571EFFD59000FF2F14 /* View */,
			);
			path = Mine;
			sourceTree = "<group>";
		};
		B9DE8D551EFFD59000FF2F14 /* Controller */ = {
			isa = PBXGroup;
			children = (
				B9DE8D6A1EFFD5F900FF2F14 /* BDJMineViewController.h */,
				B9DE8D6B1EFFD5F900FF2F14 /* BDJMineViewController.m */,
			);
			path = Controller;
			sourceTree = "<group>";
		};
		B9DE8D561EFFD59000FF2F14 /* Model */ = {
			isa = PBXGroup;
			children = (
			);
			path = Model;
			sourceTree = "<group>";
		};
		B9DE8D571EFFD59000FF2F14 /* View */ = {
			isa = PBXGroup;
			children = (
			);
			path = View;
			sourceTree = "<group>";
		};
		B9DE8D581EFFD59000FF2F14 /* New */ = {
			isa = PBXGroup;
			children = (
				B9DE8D591EFFD59000FF2F14 /* Controller */,
				B9DE8D5A1EFFD59000FF2F14 /* Model */,
				B9DE8D5B1EFFD59000FF2F14 /* View */,
			);
			path = New;
			sourceTree = "<group>";
		};
		B9DE8D591EFFD59000FF2F14 /* Controller */ = {
			isa = PBXGroup;
			children = (
				B9DE8D6D1EFFD60A00FF2F14 /* BDJNewViewController.h */,
				B9DE8D6E1EFFD60A00FF2F14 /* BDJNewViewController.m */,
			);
			path = Controller;
			sourceTree = "<group>";
		};
		B9DE8D5A1EFFD59000FF2F14 /* Model */ = {
			isa = PBXGroup;
			children = (
			);
			path = Model;
			sourceTree = "<group>";
		};
		B9DE8D5B1EFFD59000FF2F14 /* View */ = {
			isa = PBXGroup;
			children = (
			);
			path = View;
			sourceTree = "<group>";
		};
		B9DE8D5C1EFFD59000FF2F14 /* Other */ = {
			isa = PBXGroup;
			children = (
				B9DE8D7A1EFFE2D700FF2F14 /* Category */,
				B9DE8D5D1EFFD59000FF2F14 /* AppDelegate.h */,
				B9DE8D5E1EFFD59100FF2F14 /* AppDelegate.m */,
			);
			path = Other;
			sourceTree = "<group>";
		};
		B9DE8D5F1EFFD59100FF2F14 /* Publish */ = {
			isa = PBXGroup;
			children = (
				B9DE8D601EFFD59100FF2F14 /* Controller */,
				B9DE8D611EFFD59100FF2F14 /* Model */,
				B9DE8D621EFFD59100FF2F14 /* View */,
			);
			path = Publish;
			sourceTree = "<group>";
		};
		B9DE8D601EFFD59100FF2F14 /* Controller */ = {
			isa = PBXGroup;
			children = (
				B9DE8D701EFFD61E00FF2F14 /* BDJPublishViewController.h */,
				B9DE8D711EFFD61E00FF2F14 /* BDJPublishViewController.m */,
			);
			path = Controller;
			sourceTree = "<group>";
		};
		B9DE8D611EFFD59100FF2F14 /* Model */ = {
			isa = PBXGroup;
			children = (
			);
			path = Model;
			sourceTree = "<group>";
		};
		B9DE8D621EFFD59100FF2F14 /* View */ = {
			isa = PBXGroup;
			children = (
			);
			path = View;
			sourceTree = "<group>";
		};
		B9DE8D731EFFDE8800FF2F14 /* Main */ = {
			isa = PBXGroup;
			children = (
				B9DE8D741EFFDE8800FF2F14 /* Controller */,
				B9DE8D751EFFDE8800FF2F14 /* Model */,
				B9DE8D761EFFDE8800FF2F14 /* View */,
			);
			path = Main;
			sourceTree = "<group>";
		};
		B9DE8D741EFFDE8800FF2F14 /* Controller */ = {
			isa = PBXGroup;
			children = (
				B9DE8D771EFFDEA400FF2F14 /* BDJTabBarController.h */,
				B9DE8D781EFFDEA400FF2F14 /* BDJTabBarController.m */,
			);
			path = Controller;
			sourceTree = "<group>";
		};
		B9DE8D751EFFDE8800FF2F14 /* Model */ = {
			isa = PBXGroup;
			children = (
			);
			path = Model;
			sourceTree = "<group>";
		};
		B9DE8D761EFFDE8800FF2F14 /* View */ = {
			isa = PBXGroup;
			children = (
			);
			path = View;
			sourceTree = "<group>";
		};
		B9DE8D7A1EFFE2D700FF2F14 /* Category */ = {
			isa = PBXGroup;
			children = (
				B9DE8D7B1EFFE34400FF2F14 /* UIImage+Render.h */,
				B9DE8D7C1EFFE34400FF2F14 /* UIImage+Render.m */,
			);
			path = Category;
			sourceTree = "<group>";
		};
/* End PBXGroup section */

/* Begin PBXNativeTarget section */
		B9DE8D221EFFC04F00FF2F14 /* BSBDJProject */ = {
			isa = PBXNativeTarget;
			buildConfigurationList = B9DE8D451EFFC05000FF2F14 /* Build configuration list for PBXNativeTarget "BSBDJProject" */;
			buildPhases = (
				B9DE8D1F1EFFC04F00FF2F14 /* Sources */,
				B9DE8D201EFFC04F00FF2F14 /* Frameworks */,
				B9DE8D211EFFC04F00FF2F14 /* Resources */,
			);
			buildRules = (
			);
			dependencies = (
			);
			name = BSBDJProject;
			productName = BSBDJProject;
			productReference = B9DE8D231EFFC05000FF2F14 /* BSBDJProject.app */;
			productType = "com.apple.product-type.application";
		};
		B9DE8D3B1EFFC05000FF2F14 /* BSBDJProjectUITests */ = {
			isa = PBXNativeTarget;
			buildConfigurationList = B9DE8D481EFFC05000FF2F14 /* Build configuration list for PBXNativeTarget "BSBDJProjectUITests" */;
			buildPhases = (
				B9DE8D381EFFC05000FF2F14 /* Sources */,
				B9DE8D391EFFC05000FF2F14 /* Frameworks */,
				B9DE8D3A1EFFC05000FF2F14 /* Resources */,
			);
			buildRules = (
			);
			dependencies = (
				B9DE8D3E1EFFC05000FF2F14 /* PBXTargetDependency */,
			);
			name = BSBDJProjectUITests;
			productName = BSBDJProjectUITests;
			productReference = B9DE8D3C1EFFC05000FF2F14 /* BSBDJProjectUITests.xctest */;
			productType = "com.apple.product-type.bundle.ui-testing";
		};
/* End PBXNativeTarget section */

/* Begin PBXProject section */
		B9DE8D1B1EFFC04F00FF2F14 /* Project object */ = {
			isa = PBXProject;
			attributes = {
				CLASSPREFIX = BDJ;
				LastUpgradeCheck = 0830;
				ORGANIZATIONNAME = Coulson_Wang;
				TargetAttributes = {
					B9DE8D221EFFC04F00FF2F14 = {
						CreatedOnToolsVersion = 8.3.3;
						ProvisioningStyle = Automatic;
					};
					B9DE8D3B1EFFC05000FF2F14 = {
						CreatedOnToolsVersion = 8.3.3;
						ProvisioningStyle = Automatic;
						TestTargetID = B9DE8D221EFFC04F00FF2F14;
					};
				};
			};
			buildConfigurationList = B9DE8D1E1EFFC04F00FF2F14 /* Build configuration list for PBXProject "BSBDJProject" */;
			compatibilityVersion = "Xcode 3.2";
			developmentRegion = English;
			hasScannedForEncodings = 0;
			knownRegions = (
				en,
				Base,
			);
			mainGroup = B9DE8D1A1EFFC04F00FF2F14;
			productRefGroup = B9DE8D241EFFC05000FF2F14 /* Products */;
			projectDirPath = "";
			projectRoot = "";
			targets = (
				B9DE8D221EFFC04F00FF2F14 /* BSBDJProject */,
				B9DE8D3B1EFFC05000FF2F14 /* BSBDJProjectUITests */,
			);
		};
/* End PBXProject section */

/* Begin PBXResourcesBuildPhase section */
		B9DE8D211EFFC04F00FF2F14 /* Resources */ = {
			isa = PBXResourcesBuildPhase;
			buildActionMask = 2147483647;
			files = (
				B9DE8D331EFFC05000FF2F14 /* Assets.xcassets in Resources */,
			);
			runOnlyForDeploymentPostprocessing = 0;
		};
		B9DE8D3A1EFFC05000FF2F14 /* Resources */ = {
			isa = PBXResourcesBuildPhase;
			buildActionMask = 2147483647;
			files = (
			);
			runOnlyForDeploymentPostprocessing = 0;
		};
/* End PBXResourcesBuildPhase section */

/* Begin PBXSourcesBuildPhase section */
		B9DE8D1F1EFFC04F00FF2F14 /* Sources */ = {
			isa = PBXSourcesBuildPhase;
			buildActionMask = 2147483647;
			files = (
				B9DE8D791EFFDEA400FF2F14 /* BDJTabBarController.m in Sources */,
				B9DE8D7D1EFFE34400FF2F14 /* UIImage+Render.m in Sources */,
				B9DE8D631EFFD59100FF2F14 /* AppDelegate.m in Sources */,
				B9DE8D691EFFD5D500FF2F14 /* BDJFriendTrendViewController.m in Sources */,
				B9DE8D6C1EFFD5F900FF2F14 /* BDJMineViewController.m in Sources */,
				B9DE8D721EFFD61E00FF2F14 /* BDJPublishViewController.m in Sources */,
				B9DE8D281EFFC05000FF2F14 /* main.m in Sources */,
				B9DE8D6F1EFFD60A00FF2F14 /* BDJNewViewController.m in Sources */,
				B9DE8D661EFFD5C100FF2F14 /* BDJEssenceViewController.m in Sources */,
			);
			runOnlyForDeploymentPostprocessing = 0;
		};
		B9DE8D381EFFC05000FF2F14 /* Sources */ = {
			isa = PBXSourcesBuildPhase;
			buildActionMask = 2147483647;
			files = (
				B9DE8D411EFFC05000FF2F14 /* BSBDJProjectUITests.m in Sources */,
			);
			runOnlyForDeploymentPostprocessing = 0;
		};
/* End PBXSourcesBuildPhase section */

/* Begin PBXTargetDependency section */
		B9DE8D3E1EFFC05000FF2F14 /* PBXTargetDependency */ = {
			isa = PBXTargetDependency;
			target = B9DE8D221EFFC04F00FF2F14 /* BSBDJProject */;
			targetProxy = B9DE8D3D1EFFC05000FF2F14 /* PBXContainerItemProxy */;
		};
/* End PBXTargetDependency section */

/* Begin XCBuildConfiguration section */
		B9DE8D431EFFC05000FF2F14 /* Debug */ = {
			isa = XCBuildConfiguration;
			buildSettings = {
				ALWAYS_SEARCH_USER_PATHS = NO;
				CLANG_ANALYZER_NONNULL = YES;
				CLANG_ANALYZER_NUMBER_OBJECT_CONVERSION = YES_AGGRESSIVE;
				CLANG_CXX_LANGUAGE_STANDARD = "gnu++0x";
				CLANG_CXX_LIBRARY = "libc++";
				CLANG_ENABLE_MODULES = YES;
				CLANG_ENABLE_OBJC_ARC = YES;
				CLANG_WARN_BOOL_CONVERSION = YES;
				CLANG_WARN_CONSTANT_CONVERSION = YES;
				CLANG_WARN_DIRECT_OBJC_ISA_USAGE = YES_ERROR;
				CLANG_WARN_DOCUMENTATION_COMMENTS = YES;
				CLANG_WARN_EMPTY_BODY = YES;
				CLANG_WARN_ENUM_CONVERSION = YES;
				CLANG_WARN_INFINITE_RECURSION = YES;
				CLANG_WARN_INT_CONVERSION = YES;
				CLANG_WARN_OBJC_ROOT_CLASS = YES_ERROR;
				CLANG_WARN_SUSPICIOUS_MOVE = YES;
				CLANG_WARN_UNREACHABLE_CODE = YES;
				CLANG_WARN__DUPLICATE_METHOD_MATCH = YES;
				"CODE_SIGN_IDENTITY[sdk=iphoneos*]" = "iPhone Developer";
				COPY_PHASE_STRIP = NO;
				DEBUG_INFORMATION_FORMAT = dwarf;
				ENABLE_STRICT_OBJC_MSGSEND = YES;
				ENABLE_TESTABILITY = YES;
				GCC_C_LANGUAGE_STANDARD = gnu99;
				GCC_DYNAMIC_NO_PIC = NO;
				GCC_NO_COMMON_BLOCKS = YES;
				GCC_OPTIMIZATION_LEVEL = 0;
				GCC_PREPROCESSOR_DEFINITIONS = (
					"DEBUG=1",
					"$(inherited)",
				);
				GCC_WARN_64_TO_32_BIT_CONVERSION = YES;
				GCC_WARN_ABOUT_RETURN_TYPE = YES_ERROR;
				GCC_WARN_UNDECLARED_SELECTOR = YES;
				GCC_WARN_UNINITIALIZED_AUTOS = YES_AGGRESSIVE;
				GCC_WARN_UNUSED_FUNCTION = YES;
				GCC_WARN_UNUSED_VARIABLE = YES;
				IPHONEOS_DEPLOYMENT_TARGET = 10.3;
				MTL_ENABLE_DEBUG_INFO = YES;
				ONLY_ACTIVE_ARCH = YES;
				SDKROOT = iphoneos;
			};
			name = Debug;
		};
		B9DE8D441EFFC05000FF2F14 /* Release */ = {
			isa = XCBuildConfiguration;
			buildSettings = {
				ALWAYS_SEARCH_USER_PATHS = NO;
				CLANG_ANALYZER_NONNULL = YES;
				CLANG_ANALYZER_NUMBER_OBJECT_CONVERSION = YES_AGGRESSIVE;
				CLANG_CXX_LANGUAGE_STANDARD = "gnu++0x";
				CLANG_CXX_LIBRARY = "libc++";
				CLANG_ENABLE_MODULES = YES;
				CLANG_ENABLE_OBJC_ARC = YES;
				CLANG_WARN_BOOL_CONVERSION = YES;
				CLANG_WARN_CONSTANT_CONVERSION = YES;
				CLANG_WARN_DIRECT_OBJC_ISA_USAGE = YES_ERROR;
				CLANG_WARN_DOCUMENTATION_COMMENTS = YES;
				CLANG_WARN_EMPTY_BODY = YES;
				CLANG_WARN_ENUM_CONVERSION = YES;
				CLANG_WARN_INFINITE_RECURSION = YES;
				CLANG_WARN_INT_CONVERSION = YES;
				CLANG_WARN_OBJC_ROOT_CLASS = YES_ERROR;
				CLANG_WARN_SUSPICIOUS_MOVE = YES;
				CLANG_WARN_UNREACHABLE_CODE = YES;
				CLANG_WARN__DUPLICATE_METHOD_MATCH = YES;
				"CODE_SIGN_IDENTITY[sdk=iphoneos*]" = "iPhone Developer";
				COPY_PHASE_STRIP = NO;
				DEBUG_INFORMATION_FORMAT = "dwarf-with-dsym";
				ENABLE_NS_ASSERTIONS = NO;
				ENABLE_STRICT_OBJC_MSGSEND = YES;
				GCC_C_LANGUAGE_STANDARD = gnu99;
				GCC_NO_COMMON_BLOCKS = YES;
				GCC_WARN_64_TO_32_BIT_CONVERSION = YES;
				GCC_WARN_ABOUT_RETURN_TYPE = YES_ERROR;
				GCC_WARN_UNDECLARED_SELECTOR = YES;
				GCC_WARN_UNINITIALIZED_AUTOS = YES_AGGRESSIVE;
				GCC_WARN_UNUSED_FUNCTION = YES;
				GCC_WARN_UNUSED_VARIABLE = YES;
				IPHONEOS_DEPLOYMENT_TARGET = 10.3;
				MTL_ENABLE_DEBUG_INFO = NO;
				SDKROOT = iphoneos;
				VALIDATE_PRODUCT = YES;
			};
			name = Release;
		};
		B9DE8D461EFFC05000FF2F14 /* Debug */ = {
			isa = XCBuildConfiguration;
			buildSettings = {
				ASSETCATALOG_COMPILER_APPICON_NAME = AppIcon;
				ASSETCATALOG_COMPILER_LAUNCHIMAGE_NAME = LaunchImage;
				INFOPLIST_FILE = BSBDJProject/Info.plist;
				IPHONEOS_DEPLOYMENT_TARGET = 10.3;
				LD_RUNPATH_SEARCH_PATHS = "$(inherited) @executable_path/Frameworks";
				PRODUCT_BUNDLE_IDENTIFIER = Personal.YYWang.BSBDJProject;
				PRODUCT_NAME = "$(TARGET_NAME)";
			};
			name = Debug;
		};
		B9DE8D471EFFC05000FF2F14 /* Release */ = {
			isa = XCBuildConfiguration;
			buildSettings = {
				ASSETCATALOG_COMPILER_APPICON_NAME = AppIcon;
				ASSETCATALOG_COMPILER_LAUNCHIMAGE_NAME = LaunchImage;
				INFOPLIST_FILE = BSBDJProject/Info.plist;
				IPHONEOS_DEPLOYMENT_TARGET = 10.3;
				LD_RUNPATH_SEARCH_PATHS = "$(inherited) @executable_path/Frameworks";
				PRODUCT_BUNDLE_IDENTIFIER = Personal.YYWang.BSBDJProject;
				PRODUCT_NAME = "$(TARGET_NAME)";
			};
			name = Release;
		};
		B9DE8D491EFFC05000FF2F14 /* Debug */ = {
			isa = XCBuildConfiguration;
			buildSettings = {
				INFOPLIST_FILE = BSBDJProjectUITests/Info.plist;
				LD_RUNPATH_SEARCH_PATHS = "$(inherited) @executable_path/Frameworks @loader_path/Frameworks";
				PRODUCT_BUNDLE_IDENTIFIER = Personal.YYWang.BSBDJProjectUITests;
				PRODUCT_NAME = "$(TARGET_NAME)";
				TEST_TARGET_NAME = BSBDJProject;
			};
			name = Debug;
		};
		B9DE8D4A1EFFC05000FF2F14 /* Release */ = {
			isa = XCBuildConfiguration;
			buildSettings = {
				INFOPLIST_FILE = BSBDJProjectUITests/Info.plist;
				LD_RUNPATH_SEARCH_PATHS = "$(inherited) @executable_path/Frameworks @loader_path/Frameworks";
				PRODUCT_BUNDLE_IDENTIFIER = Personal.YYWang.BSBDJProjectUITests;
				PRODUCT_NAME = "$(TARGET_NAME)";
				TEST_TARGET_NAME = BSBDJProject;
			};
			name = Release;
		};
/* End XCBuildConfiguration section */

/* Begin XCConfigurationList section */
		B9DE8D1E1EFFC04F00FF2F14 /* Build configuration list for PBXProject "BSBDJProject" */ = {
			isa = XCConfigurationList;
			buildConfigurations = (
				B9DE8D431EFFC05000FF2F14 /* Debug */,
				B9DE8D441EFFC05000FF2F14 /* Release */,
			);
			defaultConfigurationIsVisible = 0;
			defaultConfigurationName = Release;
		};
		B9DE8D451EFFC05000FF2F14 /* Build configuration list for PBXNativeTarget "BSBDJProject" */ = {
			isa = XCConfigurationList;
			buildConfigurations = (
				B9DE8D461EFFC05000FF2F14 /* Debug */,
				B9DE8D471EFFC05000FF2F14 /* Release */,
			);
			defaultConfigurationIsVisible = 0;
		};
		B9DE8D481EFFC05000FF2F14 /* Build configuration list for PBXNativeTarget "BSBDJProjectUITests" */ = {
			isa = XCConfigurationList;
			buildConfigurations = (
				B9DE8D491EFFC05000FF2F14 /* Debug */,
				B9DE8D4A1EFFC05000FF2F14 /* Release */,
			);
			defaultConfigurationIsVisible = 0;
		};
/* End XCConfigurationList section */
	};
	rootObject = B9DE8D1B1EFFC04F00FF2F14 /* Project object */;
}
