// !$*UTF8*$!
{
	archiveVersion = 1;
	classes = {
	};
	objectVersion = 46;
	objects = {

/* Begin PBXBuildFile section */
		812AF978A7B7F97A9EB098F2 /* libPods-BSBDJProject.a in Frameworks */ = {isa = PBXBuildFile; fileRef = B5C8284B75C6907FB091222C /* libPods-BSBDJProject.a */; };
		B903B05D1F00D56100255FEF /* BDJSettingViewController.m in Sources */ = {isa = PBXBuildFile; fileRef = B903B05C1F00D56100255FEF /* BDJSettingViewController.m */; };
		B903B0601F00DB6300255FEF /* BDJNavigationController.m in Sources */ = {isa = PBXBuildFile; fileRef = B903B05F1F00DB6300255FEF /* BDJNavigationController.m */; settings = {COMPILER_FLAGS = "-w"; }; };
		B9A684131F0116D900D350E3 /* BDJAdItem.m in Sources */ = {isa = PBXBuildFile; fileRef = B9A684121F0116D900D350E3 /* BDJAdItem.m */; };
		B9A684161F012B2500D350E3 /* BDJSuggestTabController.m in Sources */ = {isa = PBXBuildFile; fileRef = B9A684151F012B2500D350E3 /* BDJSuggestTabController.m */; };
		B9A684191F012DE100D350E3 /* BDJSuggestTapItem.m in Sources */ = {isa = PBXBuildFile; fileRef = B9A684181F012DE100D350E3 /* BDJSuggestTapItem.m */; };
		B9A6841D1F0147B500D350E3 /* BDJSuggestTagCell.m in Sources */ = {isa = PBXBuildFile; fileRef = B9A6841B1F0147B500D350E3 /* BDJSuggestTagCell.m */; };
		B9A6841E1F0147B500D350E3 /* BDJSuggestTagCell.xib in Resources */ = {isa = PBXBuildFile; fileRef = B9A6841C1F0147B500D350E3 /* BDJSuggestTagCell.xib */; };
		B9A684211F01620D00D350E3 /* UIColor+RGB.m in Sources */ = {isa = PBXBuildFile; fileRef = B9A684201F01620D00D350E3 /* UIColor+RGB.m */; };
		B9A684231F021DBE00D350E3 /* BDJFriendTrendViewController.xib in Resources */ = {isa = PBXBuildFile; fileRef = B9A684221F021DBE00D350E3 /* BDJFriendTrendViewController.xib */; };
		B9A684271F0221C900D350E3 /* BDJLoginRegisterViewController.m in Sources */ = {isa = PBXBuildFile; fileRef = B9A684251F0221C900D350E3 /* BDJLoginRegisterViewController.m */; };
		B9A684281F0221C900D350E3 /* BDJLoginRegisterViewController.xib in Resources */ = {isa = PBXBuildFile; fileRef = B9A684261F0221C900D350E3 /* BDJLoginRegisterViewController.xib */; };
		B9A6842B1F022FE900D350E3 /* BDJLogginRegistView.m in Sources */ = {isa = PBXBuildFile; fileRef = B9A6842A1F022FE900D350E3 /* BDJLogginRegistView.m */; };
		B9A6842D1F022FFA00D350E3 /* BDJLogginRegistView.xib in Resources */ = {isa = PBXBuildFile; fileRef = B9A6842C1F022FFA00D350E3 /* BDJLogginRegistView.xib */; };
		B9A684301F02425900D350E3 /* BDJQuickLoginView.m in Sources */ = {isa = PBXBuildFile; fileRef = B9A6842F1F02425900D350E3 /* BDJQuickLoginView.m */; };
		B9A684321F02426900D350E3 /* BDJQuickLoginView.xib in Resources */ = {isa = PBXBuildFile; fileRef = B9A684311F02426900D350E3 /* BDJQuickLoginView.xib */; };
		B9A684351F024A3700D350E3 /* BDJQuickLoginButton.m in Sources */ = {isa = PBXBuildFile; fileRef = B9A684341F024A3700D350E3 /* BDJQuickLoginButton.m */; };
		B9A684381F025DE200D350E3 /* BDJLoginRegistTextField.m in Sources */ = {isa = PBXBuildFile; fileRef = B9A684371F025DE200D350E3 /* BDJLoginRegistTextField.m */; };
		B9A6843B1F0265BD00D350E3 /* UITextField+Placeholder.m in Sources */ = {isa = PBXBuildFile; fileRef = B9A6843A1F0265BD00D350E3 /* UITextField+Placeholder.m */; };
		B9A6843D1F026DB900D350E3 /* BDJMineViewController.storyboard in Resources */ = {isa = PBXBuildFile; fileRef = B9A6843C1F026DB900D350E3 /* BDJMineViewController.storyboard */; };
		B9A684411F0272CF00D350E3 /* BDJSquareCollectionViewCell.m in Sources */ = {isa = PBXBuildFile; fileRef = B9A6843F1F0272CF00D350E3 /* BDJSquareCollectionViewCell.m */; };
		B9A684421F0272CF00D350E3 /* BDJSquareCollectionViewCell.xib in Resources */ = {isa = PBXBuildFile; fileRef = B9A684401F0272CF00D350E3 /* BDJSquareCollectionViewCell.xib */; };
		B9A684451F0277C000D350E3 /* BDJSquareItem.m in Sources */ = {isa = PBXBuildFile; fileRef = B9A684441F0277C000D350E3 /* BDJSquareItem.m */; };
		B9A6844C1F028E1300D350E3 /* BDJWebViewController.m in Sources */ = {isa = PBXBuildFile; fileRef = B9A6844A1F028E1300D350E3 /* BDJWebViewController.m */; };
		B9A6844D1F028E1300D350E3 /* BDJWebViewController.xib in Resources */ = {isa = PBXBuildFile; fileRef = B9A6844B1F028E1300D350E3 /* BDJWebViewController.xib */; };
		B9BBED6B1F00FD76005945BE /* BDJAdvertisementViewController.m in Sources */ = {isa = PBXBuildFile; fileRef = B9BBED691F00FD76005945BE /* BDJAdvertisementViewController.m */; };
		B9BBED6C1F00FD76005945BE /* BDJAdvertisementViewController.xib in Resources */ = {isa = PBXBuildFile; fileRef = B9BBED6A1F00FD76005945BE /* BDJAdvertisementViewController.xib */; };
		B9BBED751F01032C005945BE /* LaunchImage-568h@2x.png in Resources */ = {isa = PBXBuildFile; fileRef = B9BBED6E1F01032C005945BE /* LaunchImage-568h@2x.png */; };
		B9BBED761F01032C005945BE /* LaunchImage-700-568h@2x.png in Resources */ = {isa = PBXBuildFile; fileRef = B9BBED6F1F01032C005945BE /* LaunchImage-700-568h@2x.png */; };
		B9BBED771F01032C005945BE /* LaunchImage-700@2x.png in Resources */ = {isa = PBXBuildFile; fileRef = B9BBED701F01032C005945BE /* LaunchImage-700@2x.png */; };
		B9BBED781F01032C005945BE /* LaunchImage-800-667h@2x.png in Resources */ = {isa = PBXBuildFile; fileRef = B9BBED711F01032C005945BE /* LaunchImage-800-667h@2x.png */; };
		B9BBED791F01032C005945BE /* LaunchImage-800-Portrait-736h@3x.png in Resources */ = {isa = PBXBuildFile; fileRef = B9BBED721F01032C005945BE /* LaunchImage-800-Portrait-736h@3x.png */; };
		B9BBED7A1F01032C005945BE /* LaunchImage.png in Resources */ = {isa = PBXBuildFile; fileRef = B9BBED731F01032C005945BE /* LaunchImage.png */; };
		B9BBED7B1F01032C005945BE /* LaunchImage@2x.png in Resources */ = {isa = PBXBuildFile; fileRef = B9BBED741F01032C005945BE /* LaunchImage@2x.png */; };
		B9DE8D281EFFC05000FF2F14 /* main.m in Sources */ = {isa = PBXBuildFile; fileRef = B9DE8D271EFFC05000FF2F14 /* main.m */; };
		B9DE8D331EFFC05000FF2F14 /* Assets.xcassets in Resources */ = {isa = PBXBuildFile; fileRef = B9DE8D321EFFC05000FF2F14 /* Assets.xcassets */; };
		B9DE8D411EFFC05000FF2F14 /* BSBDJProjectUITests.m in Sources */ = {isa = PBXBuildFile; fileRef = B9DE8D401EFFC05000FF2F14 /* BSBDJProjectUITests.m */; };
		B9DE8D631EFFD59100FF2F14 /* AppDelegate.m in Sources */ = {isa = PBXBuildFile; fileRef = B9DE8D5E1EFFD59100FF2F14 /* AppDelegate.m */; };
		B9DE8D661EFFD5C100FF2F14 /* BDJEssenceViewController.m in Sources */ = {isa = PBXBuildFile; fileRef = B9DE8D651EFFD5C100FF2F14 /* BDJEssenceViewController.m */; };
		B9DE8D691EFFD5D500FF2F14 /* BDJFriendTrendViewController.m in Sources */ = {isa = PBXBuildFile; fileRef = B9DE8D681EFFD5D500FF2F14 /* BDJFriendTrendViewController.m */; };
		B9DE8D6C1EFFD5F900FF2F14 /* BDJMineViewController.m in Sources */ = {isa = PBXBuildFile; fileRef = B9DE8D6B1EFFD5F900FF2F14 /* BDJMineViewController.m */; };
		B9DE8D6F1EFFD60A00FF2F14 /* BDJNewViewController.m in Sources */ = {isa = PBXBuildFile; fileRef = B9DE8D6E1EFFD60A00FF2F14 /* BDJNewViewController.m */; };
		B9DE8D721EFFD61E00FF2F14 /* BDJPublishViewController.m in Sources */ = {isa = PBXBuildFile; fileRef = B9DE8D711EFFD61E00FF2F14 /* BDJPublishViewController.m */; };
		B9DE8D791EFFDEA400FF2F14 /* BDJTabBarController.m in Sources */ = {isa = PBXBuildFile; fileRef = B9DE8D781EFFDEA400FF2F14 /* BDJTabBarController.m */; };
		B9DE8D7D1EFFE34400FF2F14 /* UIImage+Render.m in Sources */ = {isa = PBXBuildFile; fileRef = B9DE8D7C1EFFE34400FF2F14 /* UIImage+Render.m */; };
		B9DE8D801EFFF9CA00FF2F14 /* BDJTaBbar.m in Sources */ = {isa = PBXBuildFile; fileRef = B9DE8D7F1EFFF9CA00FF2F14 /* BDJTaBbar.m */; };
		B9DE8D831F0005CD00FF2F14 /* UIView+Frame.m in Sources */ = {isa = PBXBuildFile; fileRef = B9DE8D821F0005CD00FF2F14 /* UIView+Frame.m */; };
		B9DE8D871F000E8100FF2F14 /* UIBarButtonItem+CreateItem.m in Sources */ = {isa = PBXBuildFile; fileRef = B9DE8D861F000E8100FF2F14 /* UIBarButtonItem+CreateItem.m */; };
/* End PBXBuildFile section */

/* Begin PBXContainerItemProxy section */
		B9DE8D3D1EFFC05000FF2F14 /* PBXContainerItemProxy */ = {
			isa = PBXContainerItemProxy;
			containerPortal = B9DE8D1B1EFFC04F00FF2F14 /* Project object */;
			proxyType = 1;
			remoteGlobalIDString = B9DE8D221EFFC04F00FF2F14;
			remoteInfo = BSBDJProject;
		};
/* End PBXContainerItemProxy section */

/* Begin PBXFileReference section */
		7E262411B7E31B38C6EF1849 /* Pods-BSBDJProject.debug.xcconfig */ = {isa = PBXFileReference; includeInIndex = 1; lastKnownFileType = text.xcconfig; name = "Pods-BSBDJProject.debug.xcconfig"; path = "Pods/Target Support Files/Pods-BSBDJProject/Pods-BSBDJProject.debug.xcconfig"; sourceTree = "<group>"; };
		8B60B9430DAA968F690E3CF3 /* Pods-BSBDJProject.release.xcconfig */ = {isa = PBXFileReference; includeInIndex = 1; lastKnownFileType = text.xcconfig; name = "Pods-BSBDJProject.release.xcconfig"; path = "Pods/Target Support Files/Pods-BSBDJProject/Pods-BSBDJProject.release.xcconfig"; sourceTree = "<group>"; };
		B5C8284B75C6907FB091222C /* libPods-BSBDJProject.a */ = {isa = PBXFileReference; explicitFileType = archive.ar; includeInIndex = 0; path = "libPods-BSBDJProject.a"; sourceTree = BUILT_PRODUCTS_DIR; };
		B903B05B1F00D56100255FEF /* BDJSettingViewController.h */ = {isa = PBXFileReference; fileEncoding = 4; lastKnownFileType = sourcecode.c.h; path = BDJSettingViewController.h; sourceTree = "<group>"; };
		B903B05C1F00D56100255FEF /* BDJSettingViewController.m */ = {isa = PBXFileReference; fileEncoding = 4; lastKnownFileType = sourcecode.c.objc; path = BDJSettingViewController.m; sourceTree = "<group>"; };
		B903B05E1F00DB6300255FEF /* BDJNavigationController.h */ = {isa = PBXFileReference; fileEncoding = 4; lastKnownFileType = sourcecode.c.h; name = BDJNavigationController.h; path = ../../Mine/Controller/BDJNavigationController.h; sourceTree = "<group>"; };
		B903B05F1F00DB6300255FEF /* BDJNavigationController.m */ = {isa = PBXFileReference; fileEncoding = 4; lastKnownFileType = sourcecode.c.objc; name = BDJNavigationController.m; path = ../../Mine/Controller/BDJNavigationController.m; sourceTree = "<group>"; };
		B9A684111F0116D900D350E3 /* BDJAdItem.h */ = {isa = PBXFileReference; fileEncoding = 4; lastKnownFileType = sourcecode.c.h; path = BDJAdItem.h; sourceTree = "<group>"; };
		B9A684121F0116D900D350E3 /* BDJAdItem.m */ = {isa = PBXFileReference; fileEncoding = 4; lastKnownFileType = sourcecode.c.objc; path = BDJAdItem.m; sourceTree = "<group>"; };
		B9A684141F012B2500D350E3 /* BDJSuggestTabController.h */ = {isa = PBXFileReference; fileEncoding = 4; lastKnownFileType = sourcecode.c.h; path = BDJSuggestTabController.h; sourceTree = "<group>"; };
		B9A684151F012B2500D350E3 /* BDJSuggestTabController.m */ = {isa = PBXFileReference; fileEncoding = 4; lastKnownFileType = sourcecode.c.objc; path = BDJSuggestTabController.m; sourceTree = "<group>"; };
		B9A684171F012DE100D350E3 /* BDJSuggestTapItem.h */ = {isa = PBXFileReference; fileEncoding = 4; lastKnownFileType = sourcecode.c.h; path = BDJSuggestTapItem.h; sourceTree = "<group>"; };
		B9A684181F012DE100D350E3 /* BDJSuggestTapItem.m */ = {isa = PBXFileReference; fileEncoding = 4; lastKnownFileType = sourcecode.c.objc; path = BDJSuggestTapItem.m; sourceTree = "<group>"; };
		B9A6841A1F0147B500D350E3 /* BDJSuggestTagCell.h */ = {isa = PBXFileReference; fileEncoding = 4; lastKnownFileType = sourcecode.c.h; path = BDJSuggestTagCell.h; sourceTree = "<group>"; };
		B9A6841B1F0147B500D350E3 /* BDJSuggestTagCell.m */ = {isa = PBXFileReference; fileEncoding = 4; lastKnownFileType = sourcecode.c.objc; path = BDJSuggestTagCell.m; sourceTree = "<group>"; };
		B9A6841C1F0147B500D350E3 /* BDJSuggestTagCell.xib */ = {isa = PBXFileReference; fileEncoding = 4; lastKnownFileType = file.xib; path = BDJSuggestTagCell.xib; sourceTree = "<group>"; };
		B9A6841F1F01620D00D350E3 /* UIColor+RGB.h */ = {isa = PBXFileReference; fileEncoding = 4; lastKnownFileType = sourcecode.c.h; path = "UIColor+RGB.h"; sourceTree = "<group>"; };
		B9A684201F01620D00D350E3 /* UIColor+RGB.m */ = {isa = PBXFileReference; fileEncoding = 4; lastKnownFileType = sourcecode.c.objc; path = "UIColor+RGB.m"; sourceTree = "<group>"; };
		B9A684221F021DBE00D350E3 /* BDJFriendTrendViewController.xib */ = {isa = PBXFileReference; fileEncoding = 4; lastKnownFileType = file.xib; path = BDJFriendTrendViewController.xib; sourceTree = "<group>"; };
		B9A684241F0221C900D350E3 /* BDJLoginRegisterViewController.h */ = {isa = PBXFileReference; fileEncoding = 4; lastKnownFileType = sourcecode.c.h; path = BDJLoginRegisterViewController.h; sourceTree = "<group>"; };
		B9A684251F0221C900D350E3 /* BDJLoginRegisterViewController.m */ = {isa = PBXFileReference; fileEncoding = 4; lastKnownFileType = sourcecode.c.objc; path = BDJLoginRegisterViewController.m; sourceTree = "<group>"; };
		B9A684261F0221C900D350E3 /* BDJLoginRegisterViewController.xib */ = {isa = PBXFileReference; fileEncoding = 4; lastKnownFileType = file.xib; path = BDJLoginRegisterViewController.xib; sourceTree = "<group>"; };
		B9A684291F022FE900D350E3 /* BDJLogginRegistView.h */ = {isa = PBXFileReference; fileEncoding = 4; lastKnownFileType = sourcecode.c.h; path = BDJLogginRegistView.h; sourceTree = "<group>"; };
		B9A6842A1F022FE900D350E3 /* BDJLogginRegistView.m */ = {isa = PBXFileReference; fileEncoding = 4; lastKnownFileType = sourcecode.c.objc; path = BDJLogginRegistView.m; sourceTree = "<group>"; };
		B9A6842C1F022FFA00D350E3 /* BDJLogginRegistView.xib */ = {isa = PBXFileReference; fileEncoding = 4; lastKnownFileType = file.xib; path = BDJLogginRegistView.xib; sourceTree = "<group>"; };
		B9A6842E1F02425900D350E3 /* BDJQuickLoginView.h */ = {isa = PBXFileReference; fileEncoding = 4; lastKnownFileType = sourcecode.c.h; path = BDJQuickLoginView.h; sourceTree = "<group>"; };
		B9A6842F1F02425900D350E3 /* BDJQuickLoginView.m */ = {isa = PBXFileReference; fileEncoding = 4; lastKnownFileType = sourcecode.c.objc; path = BDJQuickLoginView.m; sourceTree = "<group>"; };
		B9A684311F02426900D350E3 /* BDJQuickLoginView.xib */ = {isa = PBXFileReference; fileEncoding = 4; lastKnownFileType = file.xib; path = BDJQuickLoginView.xib; sourceTree = "<group>"; };
		B9A684331F024A3700D350E3 /* BDJQuickLoginButton.h */ = {isa = PBXFileReference; fileEncoding = 4; lastKnownFileType = sourcecode.c.h; path = BDJQuickLoginButton.h; sourceTree = "<group>"; };
		B9A684341F024A3700D350E3 /* BDJQuickLoginButton.m */ = {isa = PBXFileReference; fileEncoding = 4; lastKnownFileType = sourcecode.c.objc; path = BDJQuickLoginButton.m; sourceTree = "<group>"; };
		B9A684361F025DE200D350E3 /* BDJLoginRegistTextField.h */ = {isa = PBXFileReference; fileEncoding = 4; lastKnownFileType = sourcecode.c.h; path = BDJLoginRegistTextField.h; sourceTree = "<group>"; };
		B9A684371F025DE200D350E3 /* BDJLoginRegistTextField.m */ = {isa = PBXFileReference; fileEncoding = 4; lastKnownFileType = sourcecode.c.objc; path = BDJLoginRegistTextField.m; sourceTree = "<group>"; };
		B9A684391F0265BD00D350E3 /* UITextField+Placeholder.h */ = {isa = PBXFileReference; fileEncoding = 4; lastKnownFileType = sourcecode.c.h; path = "UITextField+Placeholder.h"; sourceTree = "<group>"; };
		B9A6843A1F0265BD00D350E3 /* UITextField+Placeholder.m */ = {isa = PBXFileReference; fileEncoding = 4; lastKnownFileType = sourcecode.c.objc; path = "UITextField+Placeholder.m"; sourceTree = "<group>"; };
		B9A6843C1F026DB900D350E3 /* BDJMineViewController.storyboard */ = {isa = PBXFileReference; fileEncoding = 4; lastKnownFileType = file.storyboard; path = BDJMineViewController.storyboard; sourceTree = "<group>"; };
		B9A6843E1F0272CF00D350E3 /* BDJSquareCollectionViewCell.h */ = {isa = PBXFileReference; fileEncoding = 4; lastKnownFileType = sourcecode.c.h; path = BDJSquareCollectionViewCell.h; sourceTree = "<group>"; };
		B9A6843F1F0272CF00D350E3 /* BDJSquareCollectionViewCell.m */ = {isa = PBXFileReference; fileEncoding = 4; lastKnownFileType = sourcecode.c.objc; path = BDJSquareCollectionViewCell.m; sourceTree = "<group>"; };
		B9A684401F0272CF00D350E3 /* BDJSquareCollectionViewCell.xib */ = {isa = PBXFileReference; fileEncoding = 4; lastKnownFileType = file.xib; path = BDJSquareCollectionViewCell.xib; sourceTree = "<group>"; };
		B9A684431F0277C000D350E3 /* BDJSquareItem.h */ = {isa = PBXFileReference; fileEncoding = 4; lastKnownFileType = sourcecode.c.h; path = BDJSquareItem.h; sourceTree = "<group>"; };
		B9A684441F0277C000D350E3 /* BDJSquareItem.m */ = {isa = PBXFileReference; fileEncoding = 4; lastKnownFileType = sourcecode.c.objc; path = BDJSquareItem.m; sourceTree = "<group>"; };
		B9A684491F028E1300D350E3 /* BDJWebViewController.h */ = {isa = PBXFileReference; fileEncoding = 4; lastKnownFileType = sourcecode.c.h; path = BDJWebViewController.h; sourceTree = "<group>"; };
		B9A6844A1F028E1300D350E3 /* BDJWebViewController.m */ = {isa = PBXFileReference; fileEncoding = 4; lastKnownFileType = sourcecode.c.objc; path = BDJWebViewController.m; sourceTree = "<group>"; };
		B9A6844B1F028E1300D350E3 /* BDJWebViewController.xib */ = {isa = PBXFileReference; fileEncoding = 4; lastKnownFileType = file.xib; path = BDJWebViewController.xib; sourceTree = "<group>"; };
		B9BBED681F00FD76005945BE /* BDJAdvertisementViewController.h */ = {isa = PBXFileReference; fileEncoding = 4; lastKnownFileType = sourcecode.c.h; path = BDJAdvertisementViewController.h; sourceTree = "<group>"; };
		B9BBED691F00FD76005945BE /* BDJAdvertisementViewController.m */ = {isa = PBXFileReference; fileEncoding = 4; lastKnownFileType = sourcecode.c.objc; path = BDJAdvertisementViewController.m; sourceTree = "<group>"; };
		B9BBED6A1F00FD76005945BE /* BDJAdvertisementViewController.xib */ = {isa = PBXFileReference; fileEncoding = 4; lastKnownFileType = file.xib; path = BDJAdvertisementViewController.xib; sourceTree = "<group>"; };
		B9BBED6E1F01032C005945BE /* LaunchImage-568h@2x.png */ = {isa = PBXFileReference; lastKnownFileType = image.png; path = "LaunchImage-568h@2x.png"; sourceTree = "<group>"; };
		B9BBED6F1F01032C005945BE /* LaunchImage-700-568h@2x.png */ = {isa = PBXFileReference; lastKnownFileType = image.png; path = "LaunchImage-700-568h@2x.png"; sourceTree = "<group>"; };
		B9BBED701F01032C005945BE /* LaunchImage-700@2x.png */ = {isa = PBXFileReference; lastKnownFileType = image.png; path = "LaunchImage-700@2x.png"; sourceTree = "<group>"; };
		B9BBED711F01032C005945BE /* LaunchImage-800-667h@2x.png */ = {isa = PBXFileReference; lastKnownFileType = image.png; path = "LaunchImage-800-667h@2x.png"; sourceTree = "<group>"; };
		B9BBED721F01032C005945BE /* LaunchImage-800-Portrait-736h@3x.png */ = {isa = PBXFileReference; lastKnownFileType = image.png; path = "LaunchImage-800-Portrait-736h@3x.png"; sourceTree = "<group>"; };
		B9BBED731F01032C005945BE /* LaunchImage.png */ = {isa = PBXFileReference; lastKnownFileType = image.png; path = LaunchImage.png; sourceTree = "<group>"; };
		B9BBED741F01032C005945BE /* LaunchImage@2x.png */ = {isa = PBXFileReference; lastKnownFileType = image.png; path = "LaunchImage@2x.png"; sourceTree = "<group>"; };
		B9DE8D231EFFC05000FF2F14 /* BSBDJProject.app */ = {isa = PBXFileReference; explicitFileType = wrapper.application; includeInIndex = 0; path = BSBDJProject.app; sourceTree = BUILT_PRODUCTS_DIR; };
		B9DE8D271EFFC05000FF2F14 /* main.m */ = {isa = PBXFileReference; lastKnownFileType = sourcecode.c.objc; path = main.m; sourceTree = "<group>"; };
		B9DE8D321EFFC05000FF2F14 /* Assets.xcassets */ = {isa = PBXFileReference; lastKnownFileType = folder.assetcatalog; path = Assets.xcassets; sourceTree = "<group>"; };
		B9DE8D371EFFC05000FF2F14 /* Info.plist */ = {isa = PBXFileReference; lastKnownFileType = text.plist.xml; path = Info.plist; sourceTree = "<group>"; };
		B9DE8D3C1EFFC05000FF2F14 /* BSBDJProjectUITests.xctest */ = {isa = PBXFileReference; explicitFileType = wrapper.cfbundle; includeInIndex = 0; path = BSBDJProjectUITests.xctest; sourceTree = BUILT_PRODUCTS_DIR; };
		B9DE8D401EFFC05000FF2F14 /* BSBDJProjectUITests.m */ = {isa = PBXFileReference; lastKnownFileType = sourcecode.c.objc; path = BSBDJProjectUITests.m; sourceTree = "<group>"; };
		B9DE8D421EFFC05000FF2F14 /* Info.plist */ = {isa = PBXFileReference; lastKnownFileType = text.plist.xml; path = Info.plist; sourceTree = "<group>"; };
		B9DE8D5D1EFFD59000FF2F14 /* AppDelegate.h */ = {isa = PBXFileReference; fileEncoding = 4; lastKnownFileType = sourcecode.c.h; path = AppDelegate.h; sourceTree = "<group>"; };
		B9DE8D5E1EFFD59100FF2F14 /* AppDelegate.m */ = {isa = PBXFileReference; fileEncoding = 4; lastKnownFileType = sourcecode.c.objc; path = AppDelegate.m; sourceTree = "<group>"; };
		B9DE8D641EFFD5C100FF2F14 /* BDJEssenceViewController.h */ = {isa = PBXFileReference; fileEncoding = 4; lastKnownFileType = sourcecode.c.h; path = BDJEssenceViewController.h; sourceTree = "<group>"; };
		B9DE8D651EFFD5C100FF2F14 /* BDJEssenceViewController.m */ = {isa = PBXFileReference; fileEncoding = 4; lastKnownFileType = sourcecode.c.objc; path = BDJEssenceViewController.m; sourceTree = "<group>"; };
		B9DE8D671EFFD5D500FF2F14 /* BDJFriendTrendViewController.h */ = {isa = PBXFileReference; fileEncoding = 4; lastKnownFileType = sourcecode.c.h; path = BDJFriendTrendViewController.h; sourceTree = "<group>"; };
		B9DE8D681EFFD5D500FF2F14 /* BDJFriendTrendViewController.m */ = {isa = PBXFileReference; fileEncoding = 4; lastKnownFileType = sourcecode.c.objc; path = BDJFriendTrendViewController.m; sourceTree = "<group>"; };
		B9DE8D6A1EFFD5F900FF2F14 /* BDJMineViewController.h */ = {isa = PBXFileReference; fileEncoding = 4; lastKnownFileType = sourcecode.c.h; path = BDJMineViewController.h; sourceTree = "<group>"; };
		B9DE8D6B1EFFD5F900FF2F14 /* BDJMineViewController.m */ = {isa = PBXFileReference; fileEncoding = 4; lastKnownFileType = sourcecode.c.objc; path = BDJMineViewController.m; sourceTree = "<group>"; };
		B9DE8D6D1EFFD60A00FF2F14 /* BDJNewViewController.h */ = {isa = PBXFileReference; fileEncoding = 4; lastKnownFileType = sourcecode.c.h; path = BDJNewViewController.h; sourceTree = "<group>"; };
		B9DE8D6E1EFFD60A00FF2F14 /* BDJNewViewController.m */ = {isa = PBXFileReference; fileEncoding = 4; lastKnownFileType = sourcecode.c.objc; path = BDJNewViewController.m; sourceTree = "<group>"; };
		B9DE8D701EFFD61E00FF2F14 /* BDJPublishViewController.h */ = {isa = PBXFileReference; fileEncoding = 4; lastKnownFileType = sourcecode.c.h; path = BDJPublishViewController.h; sourceTree = "<group>"; };
		B9DE8D711EFFD61E00FF2F14 /* BDJPublishViewController.m */ = {isa = PBXFileReference; fileEncoding = 4; lastKnownFileType = sourcecode.c.objc; path = BDJPublishViewController.m; sourceTree = "<group>"; };
		B9DE8D771EFFDEA400FF2F14 /* BDJTabBarController.h */ = {isa = PBXFileReference; fileEncoding = 4; lastKnownFileType = sourcecode.c.h; path = BDJTabBarController.h; sourceTree = "<group>"; };
		B9DE8D781EFFDEA400FF2F14 /* BDJTabBarController.m */ = {isa = PBXFileReference; fileEncoding = 4; lastKnownFileType = sourcecode.c.objc; path = BDJTabBarController.m; sourceTree = "<group>"; };
		B9DE8D7B1EFFE34400FF2F14 /* UIImage+Render.h */ = {isa = PBXFileReference; fileEncoding = 4; lastKnownFileType = sourcecode.c.h; path = "UIImage+Render.h"; sourceTree = "<group>"; };
		B9DE8D7C1EFFE34400FF2F14 /* UIImage+Render.m */ = {isa = PBXFileReference; fileEncoding = 4; lastKnownFileType = sourcecode.c.objc; path = "UIImage+Render.m"; sourceTree = "<group>"; };
		B9DE8D7E1EFFF9CA00FF2F14 /* BDJTaBbar.h */ = {isa = PBXFileReference; fileEncoding = 4; lastKnownFileType = sourcecode.c.h; path = BDJTaBbar.h; sourceTree = "<group>"; };
		B9DE8D7F1EFFF9CA00FF2F14 /* BDJTaBbar.m */ = {isa = PBXFileReference; fileEncoding = 4; lastKnownFileType = sourcecode.c.objc; path = BDJTaBbar.m; sourceTree = "<group>"; };
		B9DE8D811F0005CD00FF2F14 /* UIView+Frame.h */ = {isa = PBXFileReference; fileEncoding = 4; lastKnownFileType = sourcecode.c.h; path = "UIView+Frame.h"; sourceTree = "<group>"; };
		B9DE8D821F0005CD00FF2F14 /* UIView+Frame.m */ = {isa = PBXFileReference; fileEncoding = 4; lastKnownFileType = sourcecode.c.objc; path = "UIView+Frame.m"; sourceTree = "<group>"; };
		B9DE8D841F00077D00FF2F14 /* BSBDJProject_Prefix.pch */ = {isa = PBXFileReference; lastKnownFileType = sourcecode.c.h; path = BSBDJProject_Prefix.pch; sourceTree = "<group>"; };
		B9DE8D851F000E8100FF2F14 /* UIBarButtonItem+CreateItem.h */ = {isa = PBXFileReference; fileEncoding = 4; lastKnownFileType = sourcecode.c.h; path = "UIBarButtonItem+CreateItem.h"; sourceTree = "<group>"; };
		B9DE8D861F000E8100FF2F14 /* UIBarButtonItem+CreateItem.m */ = {isa = PBXFileReference; fileEncoding = 4; lastKnownFileType = sourcecode.c.objc; path = "UIBarButtonItem+CreateItem.m"; sourceTree = "<group>"; };
/* End PBXFileReference section */

/* Begin PBXFrameworksBuildPhase section */
		B9DE8D201EFFC04F00FF2F14 /* Frameworks */ = {
			isa = PBXFrameworksBuildPhase;
			buildActionMask = 2147483647;
			files = (
				812AF978A7B7F97A9EB098F2 /* libPods-BSBDJProject.a in Frameworks */,
			);
			runOnlyForDeploymentPostprocessing = 0;
		};
		B9DE8D391EFFC05000FF2F14 /* Frameworks */ = {
			isa = PBXFrameworksBuildPhase;
			buildActionMask = 2147483647;
			files = (
			);
			runOnlyForDeploymentPostprocessing = 0;
		};
/* End PBXFrameworksBuildPhase section */

/* Begin PBXGroup section */
		5EEBDE8FD4D6695A22781A32 /* Frameworks */ = {
			isa = PBXGroup;
			children = (
				B5C8284B75C6907FB091222C /* libPods-BSBDJProject.a */,
			);
			name = Frameworks;
			sourceTree = "<group>";
		};
		8417A79102FCF58560B3C0A0 /* Pods */ = {
			isa = PBXGroup;
			children = (
				7E262411B7E31B38C6EF1849 /* Pods-BSBDJProject.debug.xcconfig */,
				8B60B9430DAA968F690E3CF3 /* Pods-BSBDJProject.release.xcconfig */,
			);
			name = Pods;
			sourceTree = "<group>";
		};
		B903B0571F00D53500255FEF /* Setting */ = {
			isa = PBXGroup;
			children = (
				B903B0581F00D53500255FEF /* Controller */,
				B903B0591F00D53500255FEF /* Model */,
				B903B05A1F00D53500255FEF /* View */,
			);
			path = Setting;
			sourceTree = "<group>";
		};
		B903B0581F00D53500255FEF /* Controller */ = {
			isa = PBXGroup;
			children = (
				B903B05B1F00D56100255FEF /* BDJSettingViewController.h */,
				B903B05C1F00D56100255FEF /* BDJSettingViewController.m */,
			);
			path = Controller;
			sourceTree = "<group>";
		};
		B903B0591F00D53500255FEF /* Model */ = {
			isa = PBXGroup;
			children = (
			);
			path = Model;
			sourceTree = "<group>";
		};
		B903B05A1F00D53500255FEF /* View */ = {
			isa = PBXGroup;
			children = (
			);
			path = View;
			sourceTree = "<group>";
		};
		B9BBED641F00FD21005945BE /* Advertisement */ = {
			isa = PBXGroup;
			children = (
				B9BBED651F00FD21005945BE /* Controller */,
				B9BBED661F00FD21005945BE /* Model */,
				B9BBED671F00FD21005945BE /* View */,
			);
			path = Advertisement;
			sourceTree = "<group>";
		};
		B9BBED651F00FD21005945BE /* Controller */ = {
			isa = PBXGroup;
			children = (
				B9BBED681F00FD76005945BE /* BDJAdvertisementViewController.h */,
				B9BBED691F00FD76005945BE /* BDJAdvertisementViewController.m */,
				B9BBED6A1F00FD76005945BE /* BDJAdvertisementViewController.xib */,
			);
			path = Controller;
			sourceTree = "<group>";
		};
		B9BBED661F00FD21005945BE /* Model */ = {
			isa = PBXGroup;
			children = (
				B9A684111F0116D900D350E3 /* BDJAdItem.h */,
				B9A684121F0116D900D350E3 /* BDJAdItem.m */,
			);
			path = Model;
			sourceTree = "<group>";
		};
		B9BBED671F00FD21005945BE /* View */ = {
			isa = PBXGroup;
			children = (
			);
			path = View;
			sourceTree = "<group>";
		};
		B9BBED6D1F01032C005945BE /* 启动图片 */ = {
			isa = PBXGroup;
			children = (
				B9BBED6E1F01032C005945BE /* LaunchImage-568h@2x.png */,
				B9BBED6F1F01032C005945BE /* LaunchImage-700-568h@2x.png */,
				B9BBED701F01032C005945BE /* LaunchImage-700@2x.png */,
				B9BBED711F01032C005945BE /* LaunchImage-800-667h@2x.png */,
				B9BBED721F01032C005945BE /* LaunchImage-800-Portrait-736h@3x.png */,
				B9BBED731F01032C005945BE /* LaunchImage.png */,
				B9BBED741F01032C005945BE /* LaunchImage@2x.png */,
			);
			path = "启动图片";
			sourceTree = "<group>";
		};
		B9DE8D1A1EFFC04F00FF2F14 = {
			isa = PBXGroup;
			children = (
				B9DE8D251EFFC05000FF2F14 /* BSBDJProject */,
				B9DE8D3F1EFFC05000FF2F14 /* BSBDJProjectUITests */,
				B9DE8D241EFFC05000FF2F14 /* Products */,
				8417A79102FCF58560B3C0A0 /* Pods */,
				5EEBDE8FD4D6695A22781A32 /* Frameworks */,
			);
			sourceTree = "<group>";
		};
		B9DE8D241EFFC05000FF2F14 /* Products */ = {
			isa = PBXGroup;
			children = (
				B9DE8D231EFFC05000FF2F14 /* BSBDJProject.app */,
				B9DE8D3C1EFFC05000FF2F14 /* BSBDJProjectUITests.xctest */,
			);
			name = Products;
			sourceTree = "<group>";
		};
		B9DE8D251EFFC05000FF2F14 /* BSBDJProject */ = {
			isa = PBXGroup;
			children = (
				B9DE8D4B1EFFD59000FF2F14 /* Classes */,
				B9DE8D321EFFC05000FF2F14 /* Assets.xcassets */,
				B9DE8D371EFFC05000FF2F14 /* Info.plist */,
				B9DE8D261EFFC05000FF2F14 /* Supporting Files */,
			);
			path = BSBDJProject;
			sourceTree = "<group>";
		};
		B9DE8D261EFFC05000FF2F14 /* Supporting Files */ = {
			isa = PBXGroup;
			children = (
				B9BBED6D1F01032C005945BE /* 启动图片 */,
				B9DE8D271EFFC05000FF2F14 /* main.m */,
			);
			name = "Supporting Files";
			sourceTree = "<group>";
		};
		B9DE8D3F1EFFC05000FF2F14 /* BSBDJProjectUITests */ = {
			isa = PBXGroup;
			children = (
				B9DE8D401EFFC05000FF2F14 /* BSBDJProjectUITests.m */,
				B9DE8D421EFFC05000FF2F14 /* Info.plist */,
			);
			path = BSBDJProjectUITests;
			sourceTree = "<group>";
		};
		B9DE8D4B1EFFD59000FF2F14 /* Classes */ = {
			isa = PBXGroup;
			children = (
				B9BBED641F00FD21005945BE /* Advertisement */,
				B9DE8D731EFFDE8800FF2F14 /* Main */,
				B9DE8D4C1EFFD59000FF2F14 /* Essence */,
				B9DE8D581EFFD59000FF2F14 /* New */,
				B9DE8D5F1EFFD59100FF2F14 /* Publish */,
				B9DE8D501EFFD59000FF2F14 /* FriendTrend */,
				B9DE8D541EFFD59000FF2F14 /* Mine */,
				B903B0571F00D53500255FEF /* Setting */,
				B9DE8D5C1EFFD59000FF2F14 /* Other */,
			);
			path = Classes;
			sourceTree = "<group>";
		};
		B9DE8D4C1EFFD59000FF2F14 /* Essence */ = {
			isa = PBXGroup;
			children = (
				B9DE8D4D1EFFD59000FF2F14 /* Controller */,
				B9DE8D4E1EFFD59000FF2F14 /* Model */,
				B9DE8D4F1EFFD59000FF2F14 /* View */,
			);
			path = Essence;
			sourceTree = "<group>";
		};
		B9DE8D4D1EFFD59000FF2F14 /* Controller */ = {
			isa = PBXGroup;
			children = (
				B9DE8D641EFFD5C100FF2F14 /* BDJEssenceViewController.h */,
				B9DE8D651EFFD5C100FF2F14 /* BDJEssenceViewController.m */,
			);
			path = Controller;
			sourceTree = "<group>";
		};
		B9DE8D4E1EFFD59000FF2F14 /* Model */ = {
			isa = PBXGroup;
			children = (
			);
			path = Model;
			sourceTree = "<group>";
		};
		B9DE8D4F1EFFD59000FF2F14 /* View */ = {
			isa = PBXGroup;
			children = (
			);
			path = View;
			sourceTree = "<group>";
		};
		B9DE8D501EFFD59000FF2F14 /* FriendTrend */ = {
			isa = PBXGroup;
			children = (
				B9DE8D511EFFD59000FF2F14 /* Controller */,
				B9DE8D521EFFD59000FF2F14 /* Model */,
				B9DE8D531EFFD59000FF2F14 /* View */,
			);
			path = FriendTrend;
			sourceTree = "<group>";
		};
		B9DE8D511EFFD59000FF2F14 /* Controller */ = {
			isa = PBXGroup;
			children = (
				B9DE8D671EFFD5D500FF2F14 /* BDJFriendTrendViewController.h */,
				B9DE8D681EFFD5D500FF2F14 /* BDJFriendTrendViewController.m */,
				B9A684221F021DBE00D350E3 /* BDJFriendTrendViewController.xib */,
				B9A684241F0221C900D350E3 /* BDJLoginRegisterViewController.h */,
				B9A684251F0221C900D350E3 /* BDJLoginRegisterViewController.m */,
				B9A684261F0221C900D350E3 /* BDJLoginRegisterViewController.xib */,
			);
			path = Controller;
			sourceTree = "<group>";
		};
		B9DE8D521EFFD59000FF2F14 /* Model */ = {
			isa = PBXGroup;
			children = (
			);
			path = Model;
			sourceTree = "<group>";
		};
		B9DE8D531EFFD59000FF2F14 /* View */ = {
			isa = PBXGroup;
			children = (
				B9A684291F022FE900D350E3 /* BDJLogginRegistView.h */,
				B9A6842A1F022FE900D350E3 /* BDJLogginRegistView.m */,
				B9A6842C1F022FFA00D350E3 /* BDJLogginRegistView.xib */,
				B9A6842E1F02425900D350E3 /* BDJQuickLoginView.h */,
				B9A6842F1F02425900D350E3 /* BDJQuickLoginView.m */,
				B9A684311F02426900D350E3 /* BDJQuickLoginView.xib */,
				B9A684331F024A3700D350E3 /* BDJQuickLoginButton.h */,
				B9A684341F024A3700D350E3 /* BDJQuickLoginButton.m */,
				B9A684361F025DE200D350E3 /* BDJLoginRegistTextField.h */,
				B9A684371F025DE200D350E3 /* BDJLoginRegistTextField.m */,
			);
			path = View;
			sourceTree = "<group>";
		};
		B9DE8D541EFFD59000FF2F14 /* Mine */ = {
			isa = PBXGroup;
			children = (
				B9DE8D551EFFD59000FF2F14 /* Controller */,
				B9DE8D561EFFD59000FF2F14 /* Model */,
				B9DE8D571EFFD59000FF2F14 /* View */,
			);
			path = Mine;
			sourceTree = "<group>";
		};
		B9DE8D551EFFD59000FF2F14 /* Controller */ = {
			isa = PBXGroup;
			children = (
				B9DE8D6A1EFFD5F900FF2F14 /* BDJMineViewController.h */,
				B9DE8D6B1EFFD5F900FF2F14 /* BDJMineViewController.m */,
				B9A6843C1F026DB900D350E3 /* BDJMineViewController.storyboard */,
				B9A684491F028E1300D350E3 /* BDJWebViewController.h */,
				B9A6844A1F028E1300D350E3 /* BDJWebViewController.m */,
				B9A6844B1F028E1300D350E3 /* BDJWebViewController.xib */,
			);
			path = Controller;
			sourceTree = "<group>";
		};
		B9DE8D561EFFD59000FF2F14 /* Model */ = {
			isa = PBXGroup;
			children = (
				B9A684431F0277C000D350E3 /* BDJSquareItem.h */,
				B9A684441F0277C000D350E3 /* BDJSquareItem.m */,
			);
			path = Model;
			sourceTree = "<group>";
		};
		B9DE8D571EFFD59000FF2F14 /* View */ = {
			isa = PBXGroup;
			children = (
				B9A6843E1F0272CF00D350E3 /* BDJSquareCollectionViewCell.h */,
				B9A6843F1F0272CF00D350E3 /* BDJSquareCollectionViewCell.m */,
				B9A684401F0272CF00D350E3 /* BDJSquareCollectionViewCell.xib */,
			);
			path = View;
			sourceTree = "<group>";
		};
		B9DE8D581EFFD59000FF2F14 /* New */ = {
			isa = PBXGroup;
			children = (
				B9DE8D591EFFD59000FF2F14 /* Controller */,
				B9DE8D5A1EFFD59000FF2F14 /* Model */,
				B9DE8D5B1EFFD59000FF2F14 /* View */,
			);
			path = New;
			sourceTree = "<group>";
		};
		B9DE8D591EFFD59000FF2F14 /* Controller */ = {
			isa = PBXGroup;
			children = (
				B9DE8D6D1EFFD60A00FF2F14 /* BDJNewViewController.h */,
				B9DE8D6E1EFFD60A00FF2F14 /* BDJNewViewController.m */,
				B9A684141F012B2500D350E3 /* BDJSuggestTabController.h */,
				B9A684151F012B2500D350E3 /* BDJSuggestTabController.m */,
			);
			path = Controller;
			sourceTree = "<group>";
		};
		B9DE8D5A1EFFD59000FF2F14 /* Model */ = {
			isa = PBXGroup;
			children = (
				B9A684171F012DE100D350E3 /* BDJSuggestTapItem.h */,
				B9A684181F012DE100D350E3 /* BDJSuggestTapItem.m */,
			);
			path = Model;
			sourceTree = "<group>";
		};
		B9DE8D5B1EFFD59000FF2F14 /* View */ = {
			isa = PBXGroup;
			children = (
				B9A6841A1F0147B500D350E3 /* BDJSuggestTagCell.h */,
				B9A6841B1F0147B500D350E3 /* BDJSuggestTagCell.m */,
				B9A6841C1F0147B500D350E3 /* BDJSuggestTagCell.xib */,
			);
			path = View;
			sourceTree = "<group>";
		};
		B9DE8D5C1EFFD59000FF2F14 /* Other */ = {
			isa = PBXGroup;
			children = (
				B9DE8D7A1EFFE2D700FF2F14 /* Category */,
				B9DE8D5D1EFFD59000FF2F14 /* AppDelegate.h */,
				B9DE8D5E1EFFD59100FF2F14 /* AppDelegate.m */,
				B9DE8D841F00077D00FF2F14 /* BSBDJProject_Prefix.pch */,
			);
			path = Other;
			sourceTree = "<group>";
		};
		B9DE8D5F1EFFD59100FF2F14 /* Publish */ = {
			isa = PBXGroup;
			children = (
				B9DE8D601EFFD59100FF2F14 /* Controller */,
				B9DE8D611EFFD59100FF2F14 /* Model */,
				B9DE8D621EFFD59100FF2F14 /* View */,
			);
			path = Publish;
			sourceTree = "<group>";
		};
		B9DE8D601EFFD59100FF2F14 /* Controller */ = {
			isa = PBXGroup;
			children = (
				B9DE8D701EFFD61E00FF2F14 /* BDJPublishViewController.h */,
				B9DE8D711EFFD61E00FF2F14 /* BDJPublishViewController.m */,
			);
			path = Controller;
			sourceTree = "<group>";
		};
		B9DE8D611EFFD59100FF2F14 /* Model */ = {
			isa = PBXGroup;
			children = (
			);
			path = Model;
			sourceTree = "<group>";
		};
		B9DE8D621EFFD59100FF2F14 /* View */ = {
			isa = PBXGroup;
			children = (
			);
			path = View;
			sourceTree = "<group>";
		};
		B9DE8D731EFFDE8800FF2F14 /* Main */ = {
			isa = PBXGroup;
			children = (
				B9DE8D741EFFDE8800FF2F14 /* Controller */,
				B9DE8D751EFFDE8800FF2F14 /* Model */,
				B9DE8D761EFFDE8800FF2F14 /* View */,
			);
			path = Main;
			sourceTree = "<group>";
		};
		B9DE8D741EFFDE8800FF2F14 /* Controller */ = {
			isa = PBXGroup;
			children = (
				B9DE8D771EFFDEA400FF2F14 /* BDJTabBarController.h */,
				B9DE8D781EFFDEA400FF2F14 /* BDJTabBarController.m */,
				B903B05E1F00DB6300255FEF /* BDJNavigationController.h */,
				B903B05F1F00DB6300255FEF /* BDJNavigationController.m */,
			);
			path = Controller;
			sourceTree = "<group>";
		};
		B9DE8D751EFFDE8800FF2F14 /* Model */ = {
			isa = PBXGroup;
			children = (
			);
			path = Model;
			sourceTree = "<group>";
		};
		B9DE8D761EFFDE8800FF2F14 /* View */ = {
			isa = PBXGroup;
			children = (
				B9DE8D7E1EFFF9CA00FF2F14 /* BDJTaBbar.h */,
				B9DE8D7F1EFFF9CA00FF2F14 /* BDJTaBbar.m */,
			);
			path = View;
			sourceTree = "<group>";
		};
		B9DE8D7A1EFFE2D700FF2F14 /* Category */ = {
			isa = PBXGroup;
			children = (
				B9DE8D7B1EFFE34400FF2F14 /* UIImage+Render.h */,
				B9DE8D7C1EFFE34400FF2F14 /* UIImage+Render.m */,
				B9DE8D811F0005CD00FF2F14 /* UIView+Frame.h */,
				B9DE8D821F0005CD00FF2F14 /* UIView+Frame.m */,
				B9DE8D851F000E8100FF2F14 /* UIBarButtonItem+CreateItem.h */,
				B9DE8D861F000E8100FF2F14 /* UIBarButtonItem+CreateItem.m */,
				B9A6841F1F01620D00D350E3 /* UIColor+RGB.h */,
				B9A684201F01620D00D350E3 /* UIColor+RGB.m */,
				B9A684391F0265BD00D350E3 /* UITextField+Placeholder.h */,
				B9A6843A1F0265BD00D350E3 /* UITextField+Placeholder.m */,
			);
			path = Category;
			sourceTree = "<group>";
		};
/* End PBXGroup section */

/* Begin PBXNativeTarget section */
		B9DE8D221EFFC04F00FF2F14 /* BSBDJProject */ = {
			isa = PBXNativeTarget;
			buildConfigurationList = B9DE8D451EFFC05000FF2F14 /* Build configuration list for PBXNativeTarget "BSBDJProject" */;
			buildPhases = (
				A3D4DFAECEE20DFCC56E0360 /* [CP] Check Pods Manifest.lock */,
				B9DE8D1F1EFFC04F00FF2F14 /* Sources */,
				B9DE8D201EFFC04F00FF2F14 /* Frameworks */,
				B9DE8D211EFFC04F00FF2F14 /* Resources */,
				C2C4A797EDE2D181157EBAE3 /* [CP] Embed Pods Frameworks */,
				E9BB0B2C7C8DA74A83146E68 /* [CP] Copy Pods Resources */,
			);
			buildRules = (
			);
			dependencies = (
			);
			name = BSBDJProject;
			productName = BSBDJProject;
			productReference = B9DE8D231EFFC05000FF2F14 /* BSBDJProject.app */;
			productType = "com.apple.product-type.application";
		};
		B9DE8D3B1EFFC05000FF2F14 /* BSBDJProjectUITests */ = {
			isa = PBXNativeTarget;
			buildConfigurationList = B9DE8D481EFFC05000FF2F14 /* Build configuration list for PBXNativeTarget "BSBDJProjectUITests" */;
			buildPhases = (
				B9DE8D381EFFC05000FF2F14 /* Sources */,
				B9DE8D391EFFC05000FF2F14 /* Frameworks */,
				B9DE8D3A1EFFC05000FF2F14 /* Resources */,
			);
			buildRules = (
			);
			dependencies = (
				B9DE8D3E1EFFC05000FF2F14 /* PBXTargetDependency */,
			);
			name = BSBDJProjectUITests;
			productName = BSBDJProjectUITests;
			productReference = B9DE8D3C1EFFC05000FF2F14 /* BSBDJProjectUITests.xctest */;
			productType = "com.apple.product-type.bundle.ui-testing";
		};
/* End PBXNativeTarget section */

/* Begin PBXProject section */
		B9DE8D1B1EFFC04F00FF2F14 /* Project object */ = {
			isa = PBXProject;
			attributes = {
				CLASSPREFIX = BDJ;
				LastUpgradeCheck = 0830;
				ORGANIZATIONNAME = Coulson_Wang;
				TargetAttributes = {
					B9DE8D221EFFC04F00FF2F14 = {
						CreatedOnToolsVersion = 8.3.3;
						DevelopmentTeam = 76G5YKQF73;
						ProvisioningStyle = Automatic;
					};
					B9DE8D3B1EFFC05000FF2F14 = {
						CreatedOnToolsVersion = 8.3.3;
						ProvisioningStyle = Automatic;
						TestTargetID = B9DE8D221EFFC04F00FF2F14;
					};
				};
			};
			buildConfigurationList = B9DE8D1E1EFFC04F00FF2F14 /* Build configuration list for PBXProject "BSBDJProject" */;
			compatibilityVersion = "Xcode 3.2";
			developmentRegion = English;
			hasScannedForEncodings = 0;
			knownRegions = (
				en,
				Base,
			);
			mainGroup = B9DE8D1A1EFFC04F00FF2F14;
			productRefGroup = B9DE8D241EFFC05000FF2F14 /* Products */;
			projectDirPath = "";
			projectRoot = "";
			targets = (
				B9DE8D221EFFC04F00FF2F14 /* BSBDJProject */,
				B9DE8D3B1EFFC05000FF2F14 /* BSBDJProjectUITests */,
			);
		};
/* End PBXProject section */

/* Begin PBXResourcesBuildPhase section */
		B9DE8D211EFFC04F00FF2F14 /* Resources */ = {
			isa = PBXResourcesBuildPhase;
			buildActionMask = 2147483647;
			files = (
				B9A684281F0221C900D350E3 /* BDJLoginRegisterViewController.xib in Resources */,
				B9A6844D1F028E1300D350E3 /* BDJWebViewController.xib in Resources */,
				B9BBED7A1F01032C005945BE /* LaunchImage.png in Resources */,
				B9BBED7B1F01032C005945BE /* LaunchImage@2x.png in Resources */,
				B9A6842D1F022FFA00D350E3 /* BDJLogginRegistView.xib in Resources */,
				B9DE8D331EFFC05000FF2F14 /* Assets.xcassets in Resources */,
				B9BBED781F01032C005945BE /* LaunchImage-800-667h@2x.png in Resources */,
				B9BBED751F01032C005945BE /* LaunchImage-568h@2x.png in Resources */,
				B9BBED771F01032C005945BE /* LaunchImage-700@2x.png in Resources */,
				B9A684421F0272CF00D350E3 /* BDJSquareCollectionViewCell.xib in Resources */,
				B9A6843D1F026DB900D350E3 /* BDJMineViewController.storyboard in Resources */,
				B9BBED761F01032C005945BE /* LaunchImage-700-568h@2x.png in Resources */,
				B9A684231F021DBE00D350E3 /* BDJFriendTrendViewController.xib in Resources */,
				B9BBED6C1F00FD76005945BE /* BDJAdvertisementViewController.xib in Resources */,
				B9A6841E1F0147B500D350E3 /* BDJSuggestTagCell.xib in Resources */,
				B9BBED791F01032C005945BE /* LaunchImage-800-Portrait-736h@3x.png in Resources */,
				B9A684321F02426900D350E3 /* BDJQuickLoginView.xib in Resources */,
			);
			runOnlyForDeploymentPostprocessing = 0;
		};
		B9DE8D3A1EFFC05000FF2F14 /* Resources */ = {
			isa = PBXResourcesBuildPhase;
			buildActionMask = 2147483647;
			files = (
			);
			runOnlyForDeploymentPostprocessing = 0;
		};
/* End PBXResourcesBuildPhase section */

/* Begin PBXShellScriptBuildPhase section */
		A3D4DFAECEE20DFCC56E0360 /* [CP] Check Pods Manifest.lock */ = {
			isa = PBXShellScriptBuildPhase;
			buildActionMask = 2147483647;
			files = (
			);
			inputPaths = (
			);
			name = "[CP] Check Pods Manifest.lock";
			outputPaths = (
			);
			runOnlyForDeploymentPostprocessing = 0;
			shellPath = /bin/sh;
			shellScript = "diff \"${PODS_PODFILE_DIR_PATH}/Podfile.lock\" \"${PODS_ROOT}/Manifest.lock\" > /dev/null\nif [ $? != 0 ] ; then\n    # print error to STDERR\n    echo \"error: The sandbox is not in sync with the Podfile.lock. Run 'pod install' or update your CocoaPods installation.\" >&2\n    exit 1\nfi\n";
			showEnvVarsInLog = 0;
		};
		C2C4A797EDE2D181157EBAE3 /* [CP] Embed Pods Frameworks */ = {
			isa = PBXShellScriptBuildPhase;
			buildActionMask = 2147483647;
			files = (
			);
			inputPaths = (
			);
			name = "[CP] Embed Pods Frameworks";
			outputPaths = (
			);
			runOnlyForDeploymentPostprocessing = 0;
			shellPath = /bin/sh;
			shellScript = "\"${SRCROOT}/Pods/Target Support Files/Pods-BSBDJProject/Pods-BSBDJProject-frameworks.sh\"\n";
			showEnvVarsInLog = 0;
		};
		E9BB0B2C7C8DA74A83146E68 /* [CP] Copy Pods Resources */ = {
			isa = PBXShellScriptBuildPhase;
			buildActionMask = 2147483647;
			files = (
			);
			inputPaths = (
			);
			name = "[CP] Copy Pods Resources";
			outputPaths = (
			);
			runOnlyForDeploymentPostprocessing = 0;
			shellPath = /bin/sh;
			shellScript = "\"${SRCROOT}/Pods/Target Support Files/Pods-BSBDJProject/Pods-BSBDJProject-resources.sh\"\n";
			showEnvVarsInLog = 0;
		};
/* End PBXShellScriptBuildPhase section */

/* Begin PBXSourcesBuildPhase section */
		B9DE8D1F1EFFC04F00FF2F14 /* Sources */ = {
			isa = PBXSourcesBuildPhase;
			buildActionMask = 2147483647;
			files = (
				B9A684191F012DE100D350E3 /* BDJSuggestTapItem.m in Sources */,
				B9DE8D791EFFDEA400FF2F14 /* BDJTabBarController.m in Sources */,
				B9A684351F024A3700D350E3 /* BDJQuickLoginButton.m in Sources */,
				B9DE8D7D1EFFE34400FF2F14 /* UIImage+Render.m in Sources */,
				B9A684211F01620D00D350E3 /* UIColor+RGB.m in Sources */,
				B9A6844C1F028E1300D350E3 /* BDJWebViewController.m in Sources */,
				B9A6843B1F0265BD00D350E3 /* UITextField+Placeholder.m in Sources */,
				B9A684451F0277C000D350E3 /* BDJSquareItem.m in Sources */,
				B903B0601F00DB6300255FEF /* BDJNavigationController.m in Sources */,
				B9DE8D631EFFD59100FF2F14 /* AppDelegate.m in Sources */,
				B9A684301F02425900D350E3 /* BDJQuickLoginView.m in Sources */,
				B9A6841D1F0147B500D350E3 /* BDJSuggestTagCell.m in Sources */,
				B9A684161F012B2500D350E3 /* BDJSuggestTabController.m in Sources */,
				B9DE8D691EFFD5D500FF2F14 /* BDJFriendTrendViewController.m in Sources */,
				B9DE8D6C1EFFD5F900FF2F14 /* BDJMineViewController.m in Sources */,
				B9BBED6B1F00FD76005945BE /* BDJAdvertisementViewController.m in Sources */,
				B9A684411F0272CF00D350E3 /* BDJSquareCollectionViewCell.m in Sources */,
				B9DE8D721EFFD61E00FF2F14 /* BDJPublishViewController.m in Sources */,
				B9DE8D281EFFC05000FF2F14 /* main.m in Sources */,
				B9A684381F025DE200D350E3 /* BDJLoginRegistTextField.m in Sources */,
				B9DE8D871F000E8100FF2F14 /* UIBarButtonItem+CreateItem.m in Sources */,
				B9A684271F0221C900D350E3 /* BDJLoginRegisterViewController.m in Sources */,
				B9A684131F0116D900D350E3 /* BDJAdItem.m in Sources */,
				B903B05D1F00D56100255FEF /* BDJSettingViewController.m in Sources */,
				B9DE8D6F1EFFD60A00FF2F14 /* BDJNewViewController.m in Sources */,
				B9DE8D801EFFF9CA00FF2F14 /* BDJTaBbar.m in Sources */,
				B9DE8D661EFFD5C100FF2F14 /* BDJEssenceViewController.m in Sources */,
				B9DE8D831F0005CD00FF2F14 /* UIView+Frame.m in Sources */,
				B9A6842B1F022FE900D350E3 /* BDJLogginRegistView.m in Sources */,
			);
			runOnlyForDeploymentPostprocessing = 0;
		};
		B9DE8D381EFFC05000FF2F14 /* Sources */ = {
			isa = PBXSourcesBuildPhase;
			buildActionMask = 2147483647;
			files = (
				B9DE8D411EFFC05000FF2F14 /* BSBDJProjectUITests.m in Sources */,
			);
			runOnlyForDeploymentPostprocessing = 0;
		};
/* End PBXSourcesBuildPhase section */

/* Begin PBXTargetDependency section */
		B9DE8D3E1EFFC05000FF2F14 /* PBXTargetDependency */ = {
			isa = PBXTargetDependency;
			target = B9DE8D221EFFC04F00FF2F14 /* BSBDJProject */;
			targetProxy = B9DE8D3D1EFFC05000FF2F14 /* PBXContainerItemProxy */;
		};
/* End PBXTargetDependency section */

/* Begin XCBuildConfiguration section */
		B9DE8D431EFFC05000FF2F14 /* Debug */ = {
			isa = XCBuildConfiguration;
			buildSettings = {
				ALWAYS_SEARCH_USER_PATHS = NO;
				CLANG_ANALYZER_NONNULL = YES;
				CLANG_ANALYZER_NUMBER_OBJECT_CONVERSION = YES_AGGRESSIVE;
				CLANG_CXX_LANGUAGE_STANDARD = "gnu++0x";
				CLANG_CXX_LIBRARY = "libc++";
				CLANG_ENABLE_MODULES = YES;
				CLANG_ENABLE_OBJC_ARC = YES;
				CLANG_WARN_BOOL_CONVERSION = YES;
				CLANG_WARN_CONSTANT_CONVERSION = YES;
				CLANG_WARN_DIRECT_OBJC_ISA_USAGE = YES_ERROR;
				CLANG_WARN_DOCUMENTATION_COMMENTS = YES;
				CLANG_WARN_EMPTY_BODY = YES;
				CLANG_WARN_ENUM_CONVERSION = YES;
				CLANG_WARN_INFINITE_RECURSION = YES;
				CLANG_WARN_INT_CONVERSION = YES;
				CLANG_WARN_OBJC_ROOT_CLASS = YES_ERROR;
				CLANG_WARN_SUSPICIOUS_MOVE = YES;
				CLANG_WARN_UNREACHABLE_CODE = YES;
				CLANG_WARN__DUPLICATE_METHOD_MATCH = YES;
				"CODE_SIGN_IDENTITY[sdk=iphoneos*]" = "iPhone Developer";
				COPY_PHASE_STRIP = NO;
				DEBUG_INFORMATION_FORMAT = dwarf;
				ENABLE_STRICT_OBJC_MSGSEND = YES;
				ENABLE_TESTABILITY = YES;
				GCC_C_LANGUAGE_STANDARD = gnu99;
				GCC_DYNAMIC_NO_PIC = NO;
				GCC_NO_COMMON_BLOCKS = YES;
				GCC_OPTIMIZATION_LEVEL = 0;
				GCC_PREPROCESSOR_DEFINITIONS = (
					"DEBUG=1",
					"$(inherited)",
				);
				GCC_WARN_64_TO_32_BIT_CONVERSION = YES;
				GCC_WARN_ABOUT_RETURN_TYPE = YES_ERROR;
				GCC_WARN_UNDECLARED_SELECTOR = YES;
				GCC_WARN_UNINITIALIZED_AUTOS = YES_AGGRESSIVE;
				GCC_WARN_UNUSED_FUNCTION = YES;
				GCC_WARN_UNUSED_VARIABLE = YES;
				IPHONEOS_DEPLOYMENT_TARGET = 10.3;
				MTL_ENABLE_DEBUG_INFO = YES;
				ONLY_ACTIVE_ARCH = YES;
				SDKROOT = iphoneos;
			};
			name = Debug;
		};
		B9DE8D441EFFC05000FF2F14 /* Release */ = {
			isa = XCBuildConfiguration;
			buildSettings = {
				ALWAYS_SEARCH_USER_PATHS = NO;
				CLANG_ANALYZER_NONNULL = YES;
				CLANG_ANALYZER_NUMBER_OBJECT_CONVERSION = YES_AGGRESSIVE;
				CLANG_CXX_LANGUAGE_STANDARD = "gnu++0x";
				CLANG_CXX_LIBRARY = "libc++";
				CLANG_ENABLE_MODULES = YES;
				CLANG_ENABLE_OBJC_ARC = YES;
				CLANG_WARN_BOOL_CONVERSION = YES;
				CLANG_WARN_CONSTANT_CONVERSION = YES;
				CLANG_WARN_DIRECT_OBJC_ISA_USAGE = YES_ERROR;
				CLANG_WARN_DOCUMENTATION_COMMENTS = YES;
				CLANG_WARN_EMPTY_BODY = YES;
				CLANG_WARN_ENUM_CONVERSION = YES;
				CLANG_WARN_INFINITE_RECURSION = YES;
				CLANG_WARN_INT_CONVERSION = YES;
				CLANG_WARN_OBJC_ROOT_CLASS = YES_ERROR;
				CLANG_WARN_SUSPICIOUS_MOVE = YES;
				CLANG_WARN_UNREACHABLE_CODE = YES;
				CLANG_WARN__DUPLICATE_METHOD_MATCH = YES;
				"CODE_SIGN_IDENTITY[sdk=iphoneos*]" = "iPhone Developer";
				COPY_PHASE_STRIP = NO;
				DEBUG_INFORMATION_FORMAT = "dwarf-with-dsym";
				ENABLE_NS_ASSERTIONS = NO;
				ENABLE_STRICT_OBJC_MSGSEND = YES;
				GCC_C_LANGUAGE_STANDARD = gnu99;
				GCC_NO_COMMON_BLOCKS = YES;
				GCC_WARN_64_TO_32_BIT_CONVERSION = YES;
				GCC_WARN_ABOUT_RETURN_TYPE = YES_ERROR;
				GCC_WARN_UNDECLARED_SELECTOR = YES;
				GCC_WARN_UNINITIALIZED_AUTOS = YES_AGGRESSIVE;
				GCC_WARN_UNUSED_FUNCTION = YES;
				GCC_WARN_UNUSED_VARIABLE = YES;
				IPHONEOS_DEPLOYMENT_TARGET = 10.3;
				MTL_ENABLE_DEBUG_INFO = NO;
				SDKROOT = iphoneos;
				VALIDATE_PRODUCT = YES;
			};
			name = Release;
		};
		B9DE8D461EFFC05000FF2F14 /* Debug */ = {
			isa = XCBuildConfiguration;
			baseConfigurationReference = 7E262411B7E31B38C6EF1849 /* Pods-BSBDJProject.debug.xcconfig */;
			buildSettings = {
				ASSETCATALOG_COMPILER_APPICON_NAME = AppIcon;
				ASSETCATALOG_COMPILER_LAUNCHIMAGE_NAME = LaunchImage;
				DEVELOPMENT_TEAM = 76G5YKQF73;
				GCC_PRECOMPILE_PREFIX_HEADER = YES;
				GCC_PREFIX_HEADER = BSBDJProject/Classes/Other/BSBDJProject_Prefix.pch;
				INFOPLIST_FILE = BSBDJProject/Info.plist;
				IPHONEOS_DEPLOYMENT_TARGET = 10.3;
				LD_RUNPATH_SEARCH_PATHS = "$(inherited) @executable_path/Frameworks";
				PRODUCT_BUNDLE_IDENTIFIER = Personal.YYWang.BSBDJProject;
				PRODUCT_NAME = "$(TARGET_NAME)";
			};
			name = Debug;
		};
		B9DE8D471EFFC05000FF2F14 /* Release */ = {
			isa = XCBuildConfiguration;
			baseConfigurationReference = 8B60B9430DAA968F690E3CF3 /* Pods-BSBDJProject.release.xcconfig */;
			buildSettings = {
				ASSETCATALOG_COMPILER_APPICON_NAME = AppIcon;
				ASSETCATALOG_COMPILER_LAUNCHIMAGE_NAME = LaunchImage;
				DEVELOPMENT_TEAM = 76G5YKQF73;
				GCC_PRECOMPILE_PREFIX_HEADER = YES;
				GCC_PREFIX_HEADER = BSBDJProject/Classes/Other/BSBDJProject_Prefix.pch;
				INFOPLIST_FILE = BSBDJProject/Info.plist;
				IPHONEOS_DEPLOYMENT_TARGET = 10.3;
				LD_RUNPATH_SEARCH_PATHS = "$(inherited) @executable_path/Frameworks";
				PRODUCT_BUNDLE_IDENTIFIER = Personal.YYWang.BSBDJProject;
				PRODUCT_NAME = "$(TARGET_NAME)";
			};
			name = Release;
		};
		B9DE8D491EFFC05000FF2F14 /* Debug */ = {
			isa = XCBuildConfiguration;
			buildSettings = {
				INFOPLIST_FILE = BSBDJProjectUITests/Info.plist;
				LD_RUNPATH_SEARCH_PATHS = "$(inherited) @executable_path/Frameworks @loader_path/Frameworks";
				PRODUCT_BUNDLE_IDENTIFIER = Personal.YYWang.BSBDJProjectUITests;
				PRODUCT_NAME = "$(TARGET_NAME)";
				TEST_TARGET_NAME = BSBDJProject;
			};
			name = Debug;
		};
		B9DE8D4A1EFFC05000FF2F14 /* Release */ = {
			isa = XCBuildConfiguration;
			buildSettings = {
				INFOPLIST_FILE = BSBDJProjectUITests/Info.plist;
				LD_RUNPATH_SEARCH_PATHS = "$(inherited) @executable_path/Frameworks @loader_path/Frameworks";
				PRODUCT_BUNDLE_IDENTIFIER = Personal.YYWang.BSBDJProjectUITests;
				PRODUCT_NAME = "$(TARGET_NAME)";
				TEST_TARGET_NAME = BSBDJProject;
			};
			name = Release;
		};
/* End XCBuildConfiguration section */

/* Begin XCConfigurationList section */
		B9DE8D1E1EFFC04F00FF2F14 /* Build configuration list for PBXProject "BSBDJProject" */ = {
			isa = XCConfigurationList;
			buildConfigurations = (
				B9DE8D431EFFC05000FF2F14 /* Debug */,
				B9DE8D441EFFC05000FF2F14 /* Release */,
			);
			defaultConfigurationIsVisible = 0;
			defaultConfigurationName = Release;
		};
		B9DE8D451EFFC05000FF2F14 /* Build configuration list for PBXNativeTarget "BSBDJProject" */ = {
			isa = XCConfigurationList;
			buildConfigurations = (
				B9DE8D461EFFC05000FF2F14 /* Debug */,
				B9DE8D471EFFC05000FF2F14 /* Release */,
			);
			defaultConfigurationIsVisible = 0;
			defaultConfigurationName = Release;
		};
		B9DE8D481EFFC05000FF2F14 /* Build configuration list for PBXNativeTarget "BSBDJProjectUITests" */ = {
			isa = XCConfigurationList;
			buildConfigurations = (
				B9DE8D491EFFC05000FF2F14 /* Debug */,
				B9DE8D4A1EFFC05000FF2F14 /* Release */,
			);
			defaultConfigurationIsVisible = 0;
			defaultConfigurationName = Release;
		};
/* End XCConfigurationList section */
	};
	rootObject = B9DE8D1B1EFFC04F00FF2F14 /* Project object */;
}
